{
	"requires": true,
	"lockfileVersion": 1,
	"dependencies": {
		"@ledgerhq/devices": {
			"version": "4.64.0",
			"resolved": "https://registry.npmjs.org/@ledgerhq/devices/-/devices-4.64.0.tgz",
			"integrity": "sha512-OQ9zGINnljVT/VsI2GYvNDQwCEZjkdG8QECQ0VtqHQqzcjadiJxg5KwMddTX4FmEOtqSzs1MO0jafMaVSOahpg==",
			"requires": {
				"@ledgerhq/errors": "^4.64.0",
				"@ledgerhq/logs": "^4.64.0",
				"rxjs": "^6.5.2"
			}
		},
		"@ledgerhq/errors": {
			"version": "4.64.0",
			"resolved": "https://registry.npmjs.org/@ledgerhq/errors/-/errors-4.64.0.tgz",
			"integrity": "sha512-Wwu6mFvPsFJ4Dhix3G1SPjt2LzSe5iGWhSt8KftzWD9t05UNdJB9BimQnMcTn6/Cgpj/y1RdIgo/nd7hIsjvJg=="
		},
		"@ledgerhq/hw-app-eth": {
			"version": "4.64.0",
			"resolved": "https://registry.npmjs.org/@ledgerhq/hw-app-eth/-/hw-app-eth-4.64.0.tgz",
			"integrity": "sha512-yPNbSE2Lwxo6GQYSXQeGvpdz19cQV4HXpTU1VsAWj7sQgim6Ghz9NZGom3Q4G1KqfH31XjIUDiE6KjwGM8vnaQ==",
			"requires": {
				"@ledgerhq/errors": "^4.64.0",
				"@ledgerhq/hw-transport": "^4.64.0"
			}
		},
		"@ledgerhq/hw-transport": {
			"version": "4.64.0",
			"resolved": "https://registry.npmjs.org/@ledgerhq/hw-transport/-/hw-transport-4.64.0.tgz",
			"integrity": "sha512-6qCuScKczrohDXHDnQRuYPV9v0cQstqbWAa/jRZlDuSLMEEJ2xl1Kj9XIkTpKfMQc6KYwqjwarEON9x8CfaXBQ==",
			"requires": {
				"@ledgerhq/devices": "^4.64.0",
				"@ledgerhq/errors": "^4.64.0",
				"events": "^3.0.0"
			}
		},
		"@ledgerhq/hw-transport-node-hid": {
			"version": "4.64.0",
			"resolved": "https://registry.npmjs.org/@ledgerhq/hw-transport-node-hid/-/hw-transport-node-hid-4.64.0.tgz",
			"integrity": "sha512-dyYdMsicSMl2yF14LaFiWwyRsNh4BNlrRPKtd5LbOvnWlj23c+TkmEtPWBcEYalGeV1qp86sGbnU9FNgroktLQ==",
			"requires": {
				"@ledgerhq/devices": "^4.64.0",
				"@ledgerhq/errors": "^4.64.0",
				"@ledgerhq/hw-transport": "^4.64.0",
				"@ledgerhq/hw-transport-node-hid-noevents": "^4.64.0",
				"@ledgerhq/logs": "^4.64.0",
				"lodash": "^4.17.11",
				"node-hid": "^0.7.9",
				"usb": "^1.6.0"
			}
		},
		"@ledgerhq/hw-transport-node-hid-noevents": {
			"version": "4.64.0",
			"resolved": "https://registry.npmjs.org/@ledgerhq/hw-transport-node-hid-noevents/-/hw-transport-node-hid-noevents-4.64.0.tgz",
			"integrity": "sha512-em5HyZUwPTdsUJnEGJgBPcQlbWaEPj4ysYa6hXZ4No1P/giRDovrvEMfPLYAsaCvs1/Ox1hwaC/Uj2T+7NTUnQ==",
			"requires": {
				"@ledgerhq/devices": "^4.64.0",
				"@ledgerhq/errors": "^4.64.0",
				"@ledgerhq/hw-transport": "^4.64.0",
				"@ledgerhq/logs": "^4.64.0",
				"node-hid": "^0.7.9"
			}
		},
		"@ledgerhq/logs": {
			"version": "4.64.0",
			"resolved": "https://registry.npmjs.org/@ledgerhq/logs/-/logs-4.64.0.tgz",
			"integrity": "sha512-NwgA7q1CXWMkqxoHVaSTk0gJUGbiBbWTM7Uod/Zz8EWNa1Ns0yHthCcSS279htP6oQplEaSppzsie5bcbwNApg=="
		},
		"@types/bn.js": {
			"version": "4.11.5",
			"resolved": "https://registry.npmjs.org/@types/bn.js/-/bn.js-4.11.5.tgz",
			"integrity": "sha512-AEAZcIZga0JgVMHNtl1CprA/hXX7/wPt79AgR4XqaDt7jyj3QWYw6LPoOiznPtugDmlubUnAahMs2PFxGcQrng==",
			"requires": {
				"@types/node": "*"
			}
		},
		"@types/chai": {
			"version": "4.1.7",
			"resolved": "https://registry.npmjs.org/@types/chai/-/chai-4.1.7.tgz",
			"integrity": "sha512-2Y8uPt0/jwjhQ6EiluT0XCri1Dbplr0ZxfFXUz+ye13gaqE8u5gL5ppao1JrUYr9cIip5S6MvQzBS7Kke7U9VA=="
		},
		"@types/elliptic": {
			"version": "6.4.8",
			"resolved": "https://registry.npmjs.org/@types/elliptic/-/elliptic-6.4.8.tgz",
			"integrity": "sha512-1BaK+iQLH0c33RGRhE8gMbmMF1q4YUCzB4DbP7vz/Ohex0iP2NfOlJlZMDGkqu45IoMirUJe6KZfEdFtYPk1Kg==",
			"requires": {
				"@types/bn.js": "*"
			}
		},
		"@types/ledgerhq__hw-transport": {
			"version": "4.21.1",
			"resolved": "https://registry.npmjs.org/@types/ledgerhq__hw-transport/-/ledgerhq__hw-transport-4.21.1.tgz",
			"integrity": "sha512-TPsB6seugMHuqGa3xPz4CgjSlmQdVf4VltxHGcdDSG3Fu7nKqD1zZVE+AnULq4oIgs2lIRcGHiDCgN7kZFDeUw==",
			"requires": {
				"@types/node": "*"
			}
		},
		"@types/ledgerhq__hw-transport-node-hid": {
			"version": "4.22.1",
			"resolved": "https://registry.npmjs.org/@types/ledgerhq__hw-transport-node-hid/-/ledgerhq__hw-transport-node-hid-4.22.1.tgz",
			"integrity": "sha512-EVdR5HWKUsuQOeg8DUqyhAtCooPsYpA3q+xvEdcZsgXxD/R8XNuYxSDCKNVyl0nEfobfJisb7f3Ta+Shf58izw==",
			"requires": {
				"@types/ledgerhq__hw-transport": "*",
				"@types/node": "*",
				"@types/node-hid": "*"
			}
		},
		"@types/node": {
			"version": "12.0.0",
			"resolved": "https://registry.npmjs.org/@types/node/-/node-12.0.0.tgz",
			"integrity": "sha512-Jrb/x3HT4PTJp6a4avhmJCDEVrPdqLfl3e8GGMbpkGGdwAV5UGlIs4vVEfsHHfylZVOKZWpOqmqFH8CbfOZ6kg=="
		},
		"@types/node-fetch": {
			"version": "2.3.3",
			"resolved": "https://registry.npmjs.org/@types/node-fetch/-/node-fetch-2.3.3.tgz",
			"integrity": "sha512-MIplfRxrDTsIbOLGyFqNWTmxho5Fs710Kul35tEcaqkx9He86mGbSCDvILL0LCMfmm+oJ8tDg51crE9+pJGgiQ==",
			"requires": {
				"@types/node": "*"
			}
		},
		"@types/node-hid": {
			"version": "0.7.0",
			"resolved": "https://registry.npmjs.org/@types/node-hid/-/node-hid-0.7.0.tgz",
			"integrity": "sha512-P46Ed7R+/3peWShb7hNGD/ajvpMiY1tWKG35aQ3oPOxV2Nls6porDqXPvZT4qnx5T8hb6Ot5juxfQS87Tpjk4w=="
		},
		"@zoltu/bigint-helpers": {
			"version": "2.0.0",
			"resolved": "https://registry.npmjs.org/@zoltu/bigint-helpers/-/bigint-helpers-2.0.0.tgz",
			"integrity": "sha512-JJC/s/nSLHBnjvzlnhbHbMm/2FP8hgHeciQMlVTJV50G4oZ4BdMQE6W1wQHPVpPugxFrboiInTPX/2H4CNa1mg=="
		},
		"@zoltu/ethereum-fetch-json-rpc": {
			"version": "1.0.0",
			"requires": {
				"@zoltu/ethereum-types": "1.0.0"
			}
		},
		"@zoltu/ethereum-types": {
			"version": "1.0.0",
			"resolved": "https://registry.npmjs.org/@zoltu/ethereum-types/-/ethereum-types-1.0.0.tgz",
			"integrity": "sha512-kohMH768YtGzFdQdqbZSnQSj9BqAf1Embx5PeN37S6ZfbKb2dLlWsnwV1OVJFwymmrIZeNPypVP8f8GJY5j1PA=="
		},
		"@zoltu/recoverable-wallet-library": {
			"version": "file:../contracts"
		},
		"@zoltu/rlp-encoder": {
			"version": "1.0.0",
			"resolved": "https://registry.npmjs.org/@zoltu/rlp-encoder/-/rlp-encoder-1.0.0.tgz",
			"integrity": "sha512-/GS4A++QjNbAJx08GyRzZOpj6VXAF6L0UrhtoWN0zZQ+j+83KSJZTjupjgQKs7R/qZm5ZiHQUDGtDfl8lBgpqQ=="
		},
		"ansi-regex": {
			"version": "2.1.1",
			"resolved": "https://registry.npmjs.org/ansi-regex/-/ansi-regex-2.1.1.tgz",
			"integrity": "sha1-w7M6te42DYbg5ijwRorn7yfWVN8="
		},
		"aproba": {
			"version": "1.2.0",
			"resolved": "https://registry.npmjs.org/aproba/-/aproba-1.2.0.tgz",
			"integrity": "sha512-Y9J6ZjXtoYh8RnXVCMOU/ttDmk1aBjunq9vO0ta5x85WDQiQfUF9sIPBITdbiiIVcBo03Hi3jMxigBtsddlXRw=="
		},
		"are-we-there-yet": {
			"version": "1.1.5",
			"resolved": "https://registry.npmjs.org/are-we-there-yet/-/are-we-there-yet-1.1.5.tgz",
			"integrity": "sha512-5hYdAkZlcG8tOLujVDTgCT+uPX0VnpAH28gWsLfzpXYm7wP6mp5Q/gYyR7YQ0cKVJcXJnl3j2kpBan13PtQf6w==",
			"requires": {
				"delegates": "^1.0.0",
				"readable-stream": "^2.0.6"
			}
		},
		"arg": {
			"version": "4.1.0",
			"resolved": "https://registry.npmjs.org/arg/-/arg-4.1.0.tgz",
			"integrity": "sha512-ZWc51jO3qegGkVh8Hwpv636EkbesNV5ZNQPCtRa+0qytRYPEs9IYT9qITY9buezqUH5uqyzlWLcufrzU2rffdg=="
		},
		"assertion-error": {
			"version": "1.1.0",
			"resolved": "https://registry.npmjs.org/assertion-error/-/assertion-error-1.1.0.tgz",
			"integrity": "sha512-jgsaNduz+ndvGyFt3uSuWqvy4lCnIJiovtouQN5JZHOKCS2QuhEdbcQHFhVksz2N2U9hXJo8odG7ETyWlEeuDw=="
		},
		"babel-polyfill": {
			"version": "6.26.0",
			"resolved": "https://registry.npmjs.org/babel-polyfill/-/babel-polyfill-6.26.0.tgz",
			"integrity": "sha1-N5k3q8Z9eJWXCtxiHyhM2WbPIVM=",
			"requires": {
				"babel-runtime": "^6.26.0",
				"core-js": "^2.5.0",
				"regenerator-runtime": "^0.10.5"
			}
		},
		"babel-runtime": {
			"version": "6.26.0",
			"resolved": "https://registry.npmjs.org/babel-runtime/-/babel-runtime-6.26.0.tgz",
			"integrity": "sha1-llxwWGaOgrVde/4E/yM3vItWR/4=",
			"requires": {
				"core-js": "^2.4.0",
				"regenerator-runtime": "^0.11.0"
			},
			"dependencies": {
				"regenerator-runtime": {
					"version": "0.11.1",
					"resolved": "https://registry.npmjs.org/regenerator-runtime/-/regenerator-runtime-0.11.1.tgz",
					"integrity": "sha512-MguG95oij0fC3QV3URf4V2SDYGJhJnJGqvIIgdECeODCT98wSWDAJ94SSuVpYQUoTcGUIL6L4yNB7j1DFFHSBg=="
				}
			}
		},
		"bindings": {
			"version": "1.5.0",
			"resolved": "https://registry.npmjs.org/bindings/-/bindings-1.5.0.tgz",
			"integrity": "sha512-p2q/t/mhvuOj/UeLlV6566GD/guowlr0hHxClI0W9m7MWYkL1F0hLo+0Aexs9HSPCtR1SXQ0TD3MMKrXZajbiQ==",
			"requires": {
				"file-uri-to-path": "1.0.0"
			}
		},
		"bl": {
			"version": "1.2.2",
			"resolved": "https://registry.npmjs.org/bl/-/bl-1.2.2.tgz",
			"integrity": "sha512-e8tQYnZodmebYDWGH7KMRvtzKXaJHx3BbilrgZCfvyLUYdKpK1t5PSPmpkny/SgiTSCnjfLW7v5rlONXVFkQEA==",
			"requires": {
				"readable-stream": "^2.3.5",
				"safe-buffer": "^5.1.1"
			}
		},
		"bn.js": {
			"version": "4.11.8",
			"resolved": "https://registry.npmjs.org/bn.js/-/bn.js-4.11.8.tgz",
			"integrity": "sha512-ItfYfPLkWHUjckQCk8xC+LwxgK8NYcXywGigJgSwOP8Y2iyWT4f2vsZnoOXTTbo+o5yXmIUJ4gn5538SO5S3gA=="
		},
		"brorand": {
			"version": "1.1.0",
			"resolved": "https://registry.npmjs.org/brorand/-/brorand-1.1.0.tgz",
			"integrity": "sha1-EsJe/kCkXjwyPrhnWgoM5XsiNx8="
		},
		"buffer-alloc": {
			"version": "1.2.0",
			"resolved": "https://registry.npmjs.org/buffer-alloc/-/buffer-alloc-1.2.0.tgz",
			"integrity": "sha512-CFsHQgjtW1UChdXgbyJGtnm+O/uLQeZdtbDo8mfUgYXCHSM1wgrVxXm6bSyrUuErEb+4sYVGCzASBRot7zyrow==",
			"requires": {
				"buffer-alloc-unsafe": "^1.1.0",
				"buffer-fill": "^1.0.0"
			}
		},
		"buffer-alloc-unsafe": {
			"version": "1.1.0",
			"resolved": "https://registry.npmjs.org/buffer-alloc-unsafe/-/buffer-alloc-unsafe-1.1.0.tgz",
			"integrity": "sha512-TEM2iMIEQdJ2yjPJoSIsldnleVaAk1oW3DBVUykyOLsEsFmEc9kn+SFFPz+gl54KQNxlDnAwCXosOS9Okx2xAg=="
		},
		"buffer-fill": {
			"version": "1.0.0",
			"resolved": "https://registry.npmjs.org/buffer-fill/-/buffer-fill-1.0.0.tgz",
			"integrity": "sha1-+PeLdniYiO858gXNY39o5wISKyw="
		},
		"buffer-from": {
			"version": "1.1.1",
			"resolved": "https://registry.npmjs.org/buffer-from/-/buffer-from-1.1.1.tgz",
			"integrity": "sha512-MQcXEUbCKtEo7bhqEs6560Hyd4XaovZlO/k9V3hjVUF/zwW7KBVdSK4gIt/bzwS9MbR5qob+F5jusZsb0YQK2A=="
		},
		"chai": {
			"version": "4.2.0",
			"resolved": "https://registry.npmjs.org/chai/-/chai-4.2.0.tgz",
			"integrity": "sha512-XQU3bhBukrOsQCuwZndwGcCVQHyZi53fQ6Ys1Fym7E4olpIqqZZhhoFJoaKVvV17lWQoXYwgWN2nF5crA8J2jw==",
			"requires": {
				"assertion-error": "^1.1.0",
				"check-error": "^1.0.2",
				"deep-eql": "^3.0.1",
				"get-func-name": "^2.0.0",
				"pathval": "^1.1.0",
				"type-detect": "^4.0.5"
			}
		},
		"check-error": {
			"version": "1.0.2",
			"resolved": "https://registry.npmjs.org/check-error/-/check-error-1.0.2.tgz",
			"integrity": "sha1-V00xLt2Iu13YkS6Sht1sCu1KrII="
		},
		"chownr": {
			"version": "1.1.2",
			"resolved": "https://registry.npmjs.org/chownr/-/chownr-1.1.2.tgz",
			"integrity": "sha512-GkfeAQh+QNy3wquu9oIZr6SS5x7wGdSgNQvD10X3r+AZr1Oys22HW8kAmDMvNg2+Dm0TeGaEuO8gFwdBXxwO8A=="
		},
		"code-point-at": {
			"version": "1.1.0",
			"resolved": "https://registry.npmjs.org/code-point-at/-/code-point-at-1.1.0.tgz",
			"integrity": "sha1-DQcLTQQ6W+ozovGkDi7bPZpMz3c="
		},
		"console-control-strings": {
			"version": "1.1.0",
			"resolved": "https://registry.npmjs.org/console-control-strings/-/console-control-strings-1.1.0.tgz",
			"integrity": "sha1-PXz0Rk22RG6mRL9LOVB/mFEAjo4="
		},
		"core-js": {
			"version": "2.6.5",
			"resolved": "https://registry.npmjs.org/core-js/-/core-js-2.6.5.tgz",
			"integrity": "sha512-klh/kDpwX8hryYL14M9w/xei6vrv6sE8gTHDG7/T/+SEovB/G4ejwcfE/CBzO6Edsu+OETZMZ3wcX/EjUkrl5A=="
		},
		"core-util-is": {
			"version": "1.0.2",
			"resolved": "https://registry.npmjs.org/core-util-is/-/core-util-is-1.0.2.tgz",
			"integrity": "sha1-tf1UIgqivFq1eqtxQMlAdUUDwac="
		},
		"decompress-response": {
			"version": "3.3.0",
			"resolved": "https://registry.npmjs.org/decompress-response/-/decompress-response-3.3.0.tgz",
			"integrity": "sha1-gKTdMjdIOEv6JICDYirt7Jgq3/M=",
			"requires": {
				"mimic-response": "^1.0.0"
			}
		},
		"deep-eql": {
			"version": "3.0.1",
			"resolved": "https://registry.npmjs.org/deep-eql/-/deep-eql-3.0.1.tgz",
			"integrity": "sha512-+QeIQyN5ZuO+3Uk5DYh6/1eKO0m0YmJFGNmFHGACpf1ClL1nmlV/p4gNgbl2pJGxgXb4faqo6UE+M5ACEMyVcw==",
			"requires": {
				"type-detect": "^4.0.0"
			}
		},
		"deep-extend": {
			"version": "0.6.0",
			"resolved": "https://registry.npmjs.org/deep-extend/-/deep-extend-0.6.0.tgz",
			"integrity": "sha512-LOHxIOaPYdHlJRtCQfDIVZtfw/ufM8+rVj649RIHzcm/vGwQRXFt6OPqIFWsm2XEMrNIEtWR64sY1LEKD2vAOA=="
		},
		"delegates": {
			"version": "1.0.0",
			"resolved": "https://registry.npmjs.org/delegates/-/delegates-1.0.0.tgz",
			"integrity": "sha1-hMbhWbgZBP3KWaDvRM2HDTElD5o="
		},
		"detect-libc": {
			"version": "1.0.3",
			"resolved": "https://registry.npmjs.org/detect-libc/-/detect-libc-1.0.3.tgz",
			"integrity": "sha1-+hN8S9aY7fVc1c0CrFWfkaTEups="
		},
		"diff": {
			"version": "3.5.0",
			"resolved": "https://registry.npmjs.org/diff/-/diff-3.5.0.tgz",
			"integrity": "sha512-A46qtFgd+g7pDZinpnwiRJtxbC1hpgf0uzP3iG89scHk0AUC7A1TGxf5OiiOUv/JMZR8GOt8hL900hV0bOy5xA=="
		},
		"elliptic": {
			"version": "6.4.1",
			"resolved": "https://registry.npmjs.org/elliptic/-/elliptic-6.4.1.tgz",
			"integrity": "sha512-BsXLz5sqX8OHcsh7CqBMztyXARmGQ3LWPtGjJi6DiJHq5C/qvi9P3OqgswKSDftbu8+IoI/QDTAm2fFnQ9SZSQ==",
			"requires": {
				"bn.js": "^4.4.0",
				"brorand": "^1.0.1",
				"hash.js": "^1.0.0",
				"hmac-drbg": "^1.0.0",
				"inherits": "^2.0.1",
				"minimalistic-assert": "^1.0.0",
				"minimalistic-crypto-utils": "^1.0.0"
			}
		},
		"end-of-stream": {
			"version": "1.4.1",
			"resolved": "https://registry.npmjs.org/end-of-stream/-/end-of-stream-1.4.1.tgz",
			"integrity": "sha512-1MkrZNvWTKCaigbn+W15elq2BB/L22nqrSY5DKlo3X6+vclJm8Bb5djXJBmEX6fS3+zCh/F4VBK5Z2KxJt4s2Q==",
			"requires": {
				"once": "^1.4.0"
			}
		},
		"events": {
			"version": "3.0.0",
			"resolved": "https://registry.npmjs.org/events/-/events-3.0.0.tgz",
			"integrity": "sha512-Dc381HFWJzEOhQ+d8pkNon++bk9h6cdAoAj4iE6Q4y6xgTzySWXlKn05/TVNpjnfRqi/X0EpJEJohPjNI3zpVA=="
		},
		"expand-template": {
			"version": "2.0.3",
			"resolved": "https://registry.npmjs.org/expand-template/-/expand-template-2.0.3.tgz",
			"integrity": "sha512-XYfuKMvj4O35f/pOXLObndIRvyQ+/+6AhODh+OKWj9S9498pHHn/IMszH+gt0fBCRWMNfk1ZSp5x3AifmnI2vg=="
		},
		"file-uri-to-path": {
			"version": "1.0.0",
			"resolved": "https://registry.npmjs.org/file-uri-to-path/-/file-uri-to-path-1.0.0.tgz",
			"integrity": "sha512-0Zt+s3L7Vf1biwWZ29aARiVYLx7iMGnEUl9x33fbB/j3jR81u/O2LbqK+Bm1CDSNDKVtJ/YjwY7TUd5SkeLQLw=="
		},
		"fs-constants": {
			"version": "1.0.0",
			"resolved": "https://registry.npmjs.org/fs-constants/-/fs-constants-1.0.0.tgz",
			"integrity": "sha512-y6OAwoSIf7FyjMIv94u+b5rdheZEjzR63GTyZJm5qh4Bi+2YgwLCcI/fPFZkL5PSixOt6ZNKm+w+Hfp/Bciwow=="
		},
		"gauge": {
			"version": "2.7.4",
			"resolved": "https://registry.npmjs.org/gauge/-/gauge-2.7.4.tgz",
			"integrity": "sha1-LANAXHU4w51+s3sxcCLjJfsBi/c=",
			"requires": {
				"aproba": "^1.0.3",
				"console-control-strings": "^1.0.0",
				"has-unicode": "^2.0.0",
				"object-assign": "^4.1.0",
				"signal-exit": "^3.0.0",
				"string-width": "^1.0.1",
				"strip-ansi": "^3.0.1",
				"wide-align": "^1.1.0"
			}
		},
		"get-func-name": {
			"version": "2.0.0",
			"resolved": "https://registry.npmjs.org/get-func-name/-/get-func-name-2.0.0.tgz",
			"integrity": "sha1-6td0q+5y4gQJQzoGY2YCPdaIekE="
		},
		"github-from-package": {
			"version": "0.0.0",
			"resolved": "https://registry.npmjs.org/github-from-package/-/github-from-package-0.0.0.tgz",
			"integrity": "sha1-l/tdlr/eiXMxPyDoKI75oWf6ZM4="
		},
		"has-unicode": {
			"version": "2.0.1",
			"resolved": "https://registry.npmjs.org/has-unicode/-/has-unicode-2.0.1.tgz",
			"integrity": "sha1-4Ob+aijPUROIVeCG0Wkedx3iqLk="
		},
		"hash.js": {
			"version": "1.1.7",
			"resolved": "https://registry.npmjs.org/hash.js/-/hash.js-1.1.7.tgz",
			"integrity": "sha512-taOaskGt4z4SOANNseOviYDvjEJinIkRgmp7LbKP2YTTmVxWBl87s/uzK9r+44BclBSp2X7K1hqeNfz9JbBeXA==",
			"requires": {
				"inherits": "^2.0.3",
				"minimalistic-assert": "^1.0.1"
			}
		},
		"hmac-drbg": {
			"version": "1.0.1",
			"resolved": "https://registry.npmjs.org/hmac-drbg/-/hmac-drbg-1.0.1.tgz",
			"integrity": "sha1-0nRXAQJabHdabFRXk+1QL8DGSaE=",
			"requires": {
				"hash.js": "^1.0.3",
				"minimalistic-assert": "^1.0.0",
				"minimalistic-crypto-utils": "^1.0.1"
			}
		},
		"inherits": {
			"version": "2.0.3",
			"resolved": "https://registry.npmjs.org/inherits/-/inherits-2.0.3.tgz",
			"integrity": "sha1-Yzwsg+PaQqUC9SRmAiSA9CCCYd4="
		},
		"ini": {
			"version": "1.3.5",
			"resolved": "https://registry.npmjs.org/ini/-/ini-1.3.5.tgz",
			"integrity": "sha512-RZY5huIKCMRWDUqZlEi72f/lmXKMvuszcMBduliQ3nnWbx9X/ZBQO7DijMEYS9EhHBb2qacRUMtC7svLwe0lcw=="
		},
		"is-fullwidth-code-point": {
			"version": "1.0.0",
			"resolved": "https://registry.npmjs.org/is-fullwidth-code-point/-/is-fullwidth-code-point-1.0.0.tgz",
			"integrity": "sha1-754xOG8DGn8NZDr4L95QxFfvAMs=",
			"requires": {
				"number-is-nan": "^1.0.0"
			}
		},
		"isarray": {
			"version": "1.0.0",
			"resolved": "https://registry.npmjs.org/isarray/-/isarray-1.0.0.tgz",
			"integrity": "sha1-u5NdSFgsuhaMBoNJV6VKPgcSTxE="
		},
		"js-sha3": {
			"version": "0.8.0",
			"resolved": "https://registry.npmjs.org/js-sha3/-/js-sha3-0.8.0.tgz",
			"integrity": "sha512-gF1cRrHhIzNfToc802P800N8PpXS+evLLXfsVpowqmAFR9uwbi89WvXg2QspOmXL8QL86J4T1EpFu+yUkwJY3Q=="
		},
		"lodash": {
			"version": "4.17.11",
			"resolved": "https://registry.npmjs.org/lodash/-/lodash-4.17.11.tgz",
			"integrity": "sha512-cQKh8igo5QUhZ7lg38DYWAxMvjSAKG0A8wGSVimP07SIUEK2UO+arSRKbRZWtelMtN5V0Hkwh5ryOto/SshYIg=="
		},
		"make-error": {
			"version": "1.3.5",
			"resolved": "https://registry.npmjs.org/make-error/-/make-error-1.3.5.tgz",
			"integrity": "sha512-c3sIjNUow0+8swNwVpqoH4YCShKNFkMaw6oH1mNS2haDZQqkeZFlHS3dhoeEbKKmJB4vXpJucU6oH75aDYeE9g=="
		},
		"mimic-response": {
			"version": "1.0.1",
			"resolved": "https://registry.npmjs.org/mimic-response/-/mimic-response-1.0.1.tgz",
			"integrity": "sha512-j5EctnkH7amfV/q5Hgmoal1g2QHFJRraOtmx0JpIqkxhBhI/lJSl1nMpQ45hVarwNETOoWEimndZ4QK0RHxuxQ=="
		},
		"minimalistic-assert": {
			"version": "1.0.1",
			"resolved": "https://registry.npmjs.org/minimalistic-assert/-/minimalistic-assert-1.0.1.tgz",
			"integrity": "sha512-UtJcAD4yEaGtjPezWuO9wC4nwUnVH/8/Im3yEHQP4b67cXlD/Qr9hdITCU1xDbSEXg2XKNaP8jsReV7vQd00/A=="
		},
		"minimalistic-crypto-utils": {
			"version": "1.0.1",
			"resolved": "https://registry.npmjs.org/minimalistic-crypto-utils/-/minimalistic-crypto-utils-1.0.1.tgz",
			"integrity": "sha1-9sAMHAsIIkblxNmd+4x8CDsrWCo="
		},
		"minimist": {
			"version": "1.2.0",
			"resolved": "https://registry.npmjs.org/minimist/-/minimist-1.2.0.tgz",
			"integrity": "sha1-o1AIsg9BOD7sH7kU9M1d95omQoQ="
		},
		"mkdirp": {
			"version": "0.5.1",
			"resolved": "https://registry.npmjs.org/mkdirp/-/mkdirp-0.5.1.tgz",
			"integrity": "sha1-MAV0OOrGz3+MR2fzhkjWaX11yQM=",
			"requires": {
				"minimist": "0.0.8"
			},
			"dependencies": {
				"minimist": {
					"version": "0.0.8",
					"resolved": "https://registry.npmjs.org/minimist/-/minimist-0.0.8.tgz",
					"integrity": "sha1-hX/Kv8M5fSYluCKCYuhqp6ARsF0="
				}
			}
		},
		"nan": {
			"version": "2.14.0",
			"resolved": "https://registry.npmjs.org/nan/-/nan-2.14.0.tgz",
			"integrity": "sha512-INOFj37C7k3AfaNTtX8RhsTw7qRy7eLET14cROi9+5HAVbbHuIWUHEauBv5qT4Av2tWasiTY1Jw6puUNqRJXQg=="
		},
		"napi-build-utils": {
			"version": "1.0.1",
			"resolved": "https://registry.npmjs.org/napi-build-utils/-/napi-build-utils-1.0.1.tgz",
			"integrity": "sha512-boQj1WFgQH3v4clhu3mTNfP+vOBxorDlE8EKiMjUlLG3C4qAESnn9AxIOkFgTR2c9LtzNjPrjS60cT27ZKBhaA=="
		},
		"node-abi": {
			"version": "2.9.0",
			"resolved": "https://registry.npmjs.org/node-abi/-/node-abi-2.9.0.tgz",
			"integrity": "sha512-jmEOvv0eanWjhX8dX1pmjb7oJl1U1oR4FOh0b2GnvALwSYoOdU7sj+kLDSAyjo4pfC9aj/IxkloxdLJQhSSQBA==",
			"requires": {
				"semver": "^5.4.1"
			}
		},
		"node-fetch": {
			"version": "2.5.0",
			"resolved": "https://registry.npmjs.org/node-fetch/-/node-fetch-2.5.0.tgz",
			"integrity": "sha512-YuZKluhWGJwCcUu4RlZstdAxr8bFfOVHakc1mplwHkk8J+tqM1Y5yraYvIUpeX8aY7+crCwiELJq7Vl0o0LWXw=="
		},
		"node-hid": {
			"version": "0.7.9",
			"resolved": "https://registry.npmjs.org/node-hid/-/node-hid-0.7.9.tgz",
			"integrity": "sha512-vJnonTqmq3frCyTumJqG4g2IZcny3ynkfmbfDfQ90P3ZhRzcWYS/Um1ux6HFmAxmkaQnrZqIYHcGpL7kdqY8jA==",
			"requires": {
				"bindings": "^1.5.0",
				"nan": "^2.13.2",
				"prebuild-install": "^5.3.0"
			}
		},
		"noop-logger": {
			"version": "0.1.1",
			"resolved": "https://registry.npmjs.org/noop-logger/-/noop-logger-0.1.1.tgz",
			"integrity": "sha1-lKKxYzxPExdVMAfYlm/Q6EG2pMI="
		},
		"npmlog": {
			"version": "4.1.2",
			"resolved": "https://registry.npmjs.org/npmlog/-/npmlog-4.1.2.tgz",
			"integrity": "sha512-2uUqazuKlTaSI/dC8AzicUck7+IrEaOnN/e0jd3Xtt1KcGpwx30v50mL7oPyr/h9bL3E4aZccVwpwP+5W9Vjkg==",
			"requires": {
				"are-we-there-yet": "~1.1.2",
				"console-control-strings": "~1.1.0",
				"gauge": "~2.7.3",
				"set-blocking": "~2.0.0"
			}
		},
		"number-is-nan": {
			"version": "1.0.1",
			"resolved": "https://registry.npmjs.org/number-is-nan/-/number-is-nan-1.0.1.tgz",
			"integrity": "sha1-CXtgK1NCKlIsGvuHkDGDNpQaAR0="
		},
		"object-assign": {
			"version": "4.1.1",
			"resolved": "https://registry.npmjs.org/object-assign/-/object-assign-4.1.1.tgz",
			"integrity": "sha1-IQmtx5ZYh8/AXLvUQsrIv7s2CGM="
		},
		"once": {
			"version": "1.4.0",
			"resolved": "https://registry.npmjs.org/once/-/once-1.4.0.tgz",
			"integrity": "sha1-WDsap3WWHUsROsF9nFC6753Xa9E=",
			"requires": {
				"wrappy": "1"
			}
		},
		"os-homedir": {
			"version": "1.0.2",
			"resolved": "https://registry.npmjs.org/os-homedir/-/os-homedir-1.0.2.tgz",
			"integrity": "sha1-/7xJiDNuDoM94MFox+8VISGqf7M="
		},
		"pathval": {
			"version": "1.1.0",
			"resolved": "https://registry.npmjs.org/pathval/-/pathval-1.1.0.tgz",
			"integrity": "sha1-uULm1L3mUwBe9rcTYd74cn0GReA="
		},
		"prebuild-install": {
			"version": "5.3.0",
			"resolved": "https://registry.npmjs.org/prebuild-install/-/prebuild-install-5.3.0.tgz",
			"integrity": "sha512-aaLVANlj4HgZweKttFNUVNRxDukytuIuxeK2boIMHjagNJCiVKWFsKF4tCE3ql3GbrD2tExPQ7/pwtEJcHNZeg==",
			"requires": {
				"detect-libc": "^1.0.3",
				"expand-template": "^2.0.3",
				"github-from-package": "0.0.0",
				"minimist": "^1.2.0",
				"mkdirp": "^0.5.1",
				"napi-build-utils": "^1.0.1",
				"node-abi": "^2.7.0",
				"noop-logger": "^0.1.1",
				"npmlog": "^4.0.1",
				"os-homedir": "^1.0.1",
				"pump": "^2.0.1",
				"rc": "^1.2.7",
				"simple-get": "^2.7.0",
				"tar-fs": "^1.13.0",
				"tunnel-agent": "^0.6.0",
				"which-pm-runs": "^1.0.0"
			}
		},
		"process-nextick-args": {
			"version": "2.0.1",
			"resolved": "https://registry.npmjs.org/process-nextick-args/-/process-nextick-args-2.0.1.tgz",
			"integrity": "sha512-3ouUOpQhtgrbOa17J7+uxOTpITYWaGP7/AhoR3+A+/1e9skrzelGi/dXzEYyvbxubEF6Wn2ypscTKiKJFFn1ag=="
		},
		"pump": {
			"version": "2.0.1",
			"resolved": "https://registry.npmjs.org/pump/-/pump-2.0.1.tgz",
			"integrity": "sha512-ruPMNRkN3MHP1cWJc9OWr+T/xDP0jhXYCLfJcBuX54hhfIBnaQmAUMfDcG4DM5UMWByBbJY69QSphm3jtDKIkA==",
			"requires": {
				"end-of-stream": "^1.1.0",
				"once": "^1.3.1"
			}
		},
		"rc": {
			"version": "1.2.8",
			"resolved": "https://registry.npmjs.org/rc/-/rc-1.2.8.tgz",
			"integrity": "sha512-y3bGgqKj3QBdxLbLkomlohkvsA8gdAiUQlSBJnBhfn+BPxg4bc62d8TcBW15wavDfgexCgccckhcZvywyQYPOw==",
			"requires": {
				"deep-extend": "^0.6.0",
				"ini": "~1.3.0",
				"minimist": "^1.2.0",
				"strip-json-comments": "~2.0.1"
			}
		},
		"readable-stream": {
			"version": "2.3.6",
			"resolved": "https://registry.npmjs.org/readable-stream/-/readable-stream-2.3.6.tgz",
			"integrity": "sha512-tQtKA9WIAhBF3+VLAseyMqZeBjW0AHJoxOtYqSUZNJxauErmLbVm2FW1y+J/YA9dUrAC39ITejlZWhVIwawkKw==",
			"requires": {
				"core-util-is": "~1.0.0",
				"inherits": "~2.0.3",
				"isarray": "~1.0.0",
				"process-nextick-args": "~2.0.0",
				"safe-buffer": "~5.1.1",
				"string_decoder": "~1.1.1",
				"util-deprecate": "~1.0.1"
			}
		},
		"regenerator-runtime": {
			"version": "0.10.5",
			"resolved": "https://registry.npmjs.org/regenerator-runtime/-/regenerator-runtime-0.10.5.tgz",
			"integrity": "sha1-M2w+/BIgrc7dosn6tntaeVWjNlg="
		},
		"rxjs": {
			"version": "6.5.2",
			"resolved": "https://registry.npmjs.org/rxjs/-/rxjs-6.5.2.tgz",
			"integrity": "sha512-HUb7j3kvb7p7eCUHE3FqjoDsC1xfZQ4AHFWfTKSpZ+sAhhz5X1WX0ZuUqWbzB2QhSLp3DoLUG+hMdEDKqWo2Zg==",
			"requires": {
				"tslib": "^1.9.0"
			}
		},
		"safe-buffer": {
			"version": "5.1.2",
			"resolved": "https://registry.npmjs.org/safe-buffer/-/safe-buffer-5.1.2.tgz",
			"integrity": "sha512-Gd2UZBJDkXlY7GbJxfsE8/nvKkUEU1G38c1siN6QP6a9PT9MmHB8GnpscSmMJSoF8LOIrt8ud/wPtojys4G6+g=="
		},
		"semaphore-async-await": {
			"version": "1.5.1",
			"resolved": "https://registry.npmjs.org/semaphore-async-await/-/semaphore-async-await-1.5.1.tgz",
			"integrity": "sha1-hXvvXjZEYBykuVcLh+nfXKEpdPo="
		},
		"semver": {
			"version": "5.7.0",
			"resolved": "https://registry.npmjs.org/semver/-/semver-5.7.0.tgz",
			"integrity": "sha512-Ya52jSX2u7QKghxeoFGpLwCtGlt7j0oY9DYb5apt9nPlJ42ID+ulTXESnt/qAQcoSERyZ5sl3LDIOw0nAn/5DA=="
		},
		"set-blocking": {
			"version": "2.0.0",
			"resolved": "https://registry.npmjs.org/set-blocking/-/set-blocking-2.0.0.tgz",
			"integrity": "sha1-BF+XgtARrppoA93TgrJDkrPYkPc="
		},
		"signal-exit": {
			"version": "3.0.2",
			"resolved": "https://registry.npmjs.org/signal-exit/-/signal-exit-3.0.2.tgz",
			"integrity": "sha1-tf3AjxKH6hF4Yo5BXiUTK3NkbG0="
		},
		"simple-concat": {
			"version": "1.0.0",
			"resolved": "https://registry.npmjs.org/simple-concat/-/simple-concat-1.0.0.tgz",
			"integrity": "sha1-c0TLuLbib7J9ZrL8hvn21Zl1IcY="
		},
		"simple-get": {
			"version": "2.8.1",
			"resolved": "https://registry.npmjs.org/simple-get/-/simple-get-2.8.1.tgz",
			"integrity": "sha512-lSSHRSw3mQNUGPAYRqo7xy9dhKmxFXIjLjp4KHpf99GEH2VH7C3AM+Qfx6du6jhfUi6Vm7XnbEVEf7Wb6N8jRw==",
			"requires": {
				"decompress-response": "^3.3.0",
				"once": "^1.3.1",
				"simple-concat": "^1.0.0"
			}
		},
		"source-map": {
			"version": "0.6.1",
			"resolved": "https://registry.npmjs.org/source-map/-/source-map-0.6.1.tgz",
			"integrity": "sha512-UjgapumWlbMhkBgzT7Ykc5YXUT46F0iKu8SGXq0bcwP5dz/h0Plj6enJqjz1Zbq2l5WaqYnrVbwWOWMyF3F47g=="
		},
		"source-map-support": {
			"version": "0.5.12",
			"resolved": "https://registry.npmjs.org/source-map-support/-/source-map-support-0.5.12.tgz",
			"integrity": "sha512-4h2Pbvyy15EE02G+JOZpUCmqWJuqrs+sEkzewTm++BPi7Hvn/HwcqLAcNxYAyI0x13CpPPn+kMjl+hplXMHITQ==",
			"requires": {
				"buffer-from": "^1.0.0",
				"source-map": "^0.6.0"
			}
		},
		"string-width": {
			"version": "1.0.2",
			"resolved": "https://registry.npmjs.org/string-width/-/string-width-1.0.2.tgz",
			"integrity": "sha1-EYvfW4zcUaKn5w0hHgfisLmxB9M=",
			"requires": {
				"code-point-at": "^1.0.0",
				"is-fullwidth-code-point": "^1.0.0",
				"strip-ansi": "^3.0.0"
			}
		},
		"string_decoder": {
			"version": "1.1.1",
			"resolved": "https://registry.npmjs.org/string_decoder/-/string_decoder-1.1.1.tgz",
			"integrity": "sha512-n/ShnvDi6FHbbVfviro+WojiFzv+s8MPMHBczVePfUpDJLwoLT0ht1l4YwBCbi8pJAveEEdnkHyPyTP/mzRfwg==",
			"requires": {
				"safe-buffer": "~5.1.0"
			}
		},
		"strip-ansi": {
			"version": "3.0.1",
			"resolved": "https://registry.npmjs.org/strip-ansi/-/strip-ansi-3.0.1.tgz",
			"integrity": "sha1-ajhfuIU9lS1f8F0Oiq+UJ43GPc8=",
			"requires": {
				"ansi-regex": "^2.0.0"
			}
		},
		"strip-json-comments": {
			"version": "2.0.1",
			"resolved": "https://registry.npmjs.org/strip-json-comments/-/strip-json-comments-2.0.1.tgz",
			"integrity": "sha1-PFMZQukIwml8DsNEhYwobHygpgo="
		},
		"tar-fs": {
			"version": "1.16.3",
			"resolved": "https://registry.npmjs.org/tar-fs/-/tar-fs-1.16.3.tgz",
			"integrity": "sha512-NvCeXpYx7OsmOh8zIOP/ebG55zZmxLE0etfWRbWok+q2Qo8x/vOR/IJT1taADXPe+jsiu9axDb3X4B+iIgNlKw==",
			"requires": {
				"chownr": "^1.0.1",
				"mkdirp": "^0.5.1",
				"pump": "^1.0.0",
				"tar-stream": "^1.1.2"
			},
			"dependencies": {
				"pump": {
					"version": "1.0.3",
					"resolved": "https://registry.npmjs.org/pump/-/pump-1.0.3.tgz",
					"integrity": "sha512-8k0JupWme55+9tCVE+FS5ULT3K6AbgqrGa58lTT49RpyfwwcGedHqaC5LlQNdEAumn/wFsu6aPwkuPMioy8kqw==",
					"requires": {
						"end-of-stream": "^1.1.0",
						"once": "^1.3.1"
					}
				}
			}
		},
		"tar-stream": {
			"version": "1.6.2",
			"resolved": "https://registry.npmjs.org/tar-stream/-/tar-stream-1.6.2.tgz",
			"integrity": "sha512-rzS0heiNf8Xn7/mpdSVVSMAWAoy9bfb1WOTYC78Z0UQKeKa/CWS8FOq0lKGNa8DWKAn9gxjCvMLYc5PGXYlK2A==",
			"requires": {
				"bl": "^1.0.0",
				"buffer-alloc": "^1.2.0",
				"end-of-stream": "^1.0.0",
				"fs-constants": "^1.0.0",
				"readable-stream": "^2.3.0",
				"to-buffer": "^1.1.1",
				"xtend": "^4.0.0"
			}
		},
		"to-buffer": {
			"version": "1.1.1",
			"resolved": "https://registry.npmjs.org/to-buffer/-/to-buffer-1.1.1.tgz",
			"integrity": "sha512-lx9B5iv7msuFYE3dytT+KE5tap+rNYw+K4jVkb9R/asAb+pbBSM17jtunHplhBe6RRJdZx3Pn2Jph24O32mOVg=="
		},
		"ts-node": {
			"version": "8.1.0",
			"resolved": "https://registry.npmjs.org/ts-node/-/ts-node-8.1.0.tgz",
			"integrity": "sha512-34jpuOrxDuf+O6iW1JpgTRDFynUZ1iEqtYruBqh35gICNjN8x+LpVcPAcwzLPi9VU6mdA3ym+x233nZmZp445A==",
			"requires": {
				"arg": "^4.1.0",
				"diff": "^3.1.0",
				"make-error": "^1.1.1",
				"source-map-support": "^0.5.6",
				"yn": "^3.0.0"
			}
		},
		"tslib": {
			"version": "1.10.0",
			"resolved": "https://registry.npmjs.org/tslib/-/tslib-1.10.0.tgz",
			"integrity": "sha512-qOebF53frne81cf0S9B41ByenJ3/IuH8yJKngAX35CmiZySA0khhkovshKK+jGCaMnVomla7gVlIcc3EvKPbTQ=="
		},
		"tunnel-agent": {
			"version": "0.6.0",
			"resolved": "https://registry.npmjs.org/tunnel-agent/-/tunnel-agent-0.6.0.tgz",
			"integrity": "sha1-J6XeoGs2sEoKmWZ3SykIaPD8QP0=",
			"requires": {
				"safe-buffer": "^5.0.1"
			}
		},
		"type-detect": {
			"version": "4.0.8",
			"resolved": "https://registry.npmjs.org/type-detect/-/type-detect-4.0.8.tgz",
			"integrity": "sha512-0fr/mIH1dlO+x7TlcMy+bIDqKPsw/70tVyeHW787goQjhmqaZe10uwLujubK9q9Lg6Fiho1KUKDYz0Z7k7g5/g=="
		},
		"typescript": {
			"version": "3.4.5",
			"resolved": "https://registry.npmjs.org/typescript/-/typescript-3.4.5.tgz",
			"integrity": "sha512-YycBxUb49UUhdNMU5aJ7z5Ej2XGmaIBL0x34vZ82fn3hGvD+bgrMrVDpatgz2f7YxUMJxMkbWxJZeAvDxVe7Vw=="
		},
		"usb": {
			"version": "1.6.0",
			"resolved": "https://registry.npmjs.org/usb/-/usb-1.6.0.tgz",
			"integrity": "sha512-52DyWlCk9K+iw3LnvY95WXSnpHjxJoI++aGkV8HiMNPc4zmvDQlYvWAzrkbJ2JH3oUcx26XfU5sZcG4RAcVkMg==",
			"requires": {
				"bindings": "^1.4.0",
				"nan": "2.13.2",
				"prebuild-install": "^5.2.4"
			},
			"dependencies": {
				"nan": {
					"version": "2.13.2",
					"resolved": "https://registry.npmjs.org/nan/-/nan-2.13.2.tgz",
					"integrity": "sha512-TghvYc72wlMGMVMluVo9WRJc0mB8KxxF/gZ4YYFy7V2ZQX9l7rgbPg7vjS9mt6U5HXODVFVI2bOduCzwOMv/lw=="
				}
			}
		},
		"util-deprecate": {
			"version": "1.0.2",
			"resolved": "https://registry.npmjs.org/util-deprecate/-/util-deprecate-1.0.2.tgz",
			"integrity": "sha1-RQ1Nyfpw3nMnYvvS1KKJgUGaDM8="
		},
		"which-pm-runs": {
			"version": "1.0.0",
			"resolved": "https://registry.npmjs.org/which-pm-runs/-/which-pm-runs-1.0.0.tgz",
			"integrity": "sha1-Zws6+8VS4LVd9rd4DKdGFfI60cs="
		},
		"wide-align": {
			"version": "1.1.3",
			"resolved": "https://registry.npmjs.org/wide-align/-/wide-align-1.1.3.tgz",
			"integrity": "sha512-QGkOQc8XL6Bt5PwnsExKBPuMKBxnGxWWW3fU55Xt4feHozMUhdUMaBCk290qpm/wG5u/RSKzwdAC4i51YigihA==",
			"requires": {
				"string-width": "^1.0.2 || 2"
			}
		},
		"wrappy": {
			"version": "1.0.2",
			"resolved": "https://registry.npmjs.org/wrappy/-/wrappy-1.0.2.tgz",
			"integrity": "sha1-tSQ9jz7BqjXxNkYFvA0QNuMKtp8="
		},
		"xtend": {
			"version": "4.0.1",
			"resolved": "https://registry.npmjs.org/xtend/-/xtend-4.0.1.tgz",
			"integrity": "sha1-pcbVMr5lbiPbgg77lDofBJmNY68="
		},
		"yn": {
			"version": "3.1.0",
			"resolved": "https://registry.npmjs.org/yn/-/yn-3.1.0.tgz",
			"integrity": "sha512-kKfnnYkbTfrAdd0xICNFw7Atm8nKpLcLv9AZGEt+kczL/WQVai4e2V6ZN8U/O+iI6WrNuJjNNOyu4zfhl9D3Hg=="
		}
	}
}
