{
	"requires": true,
	"lockfileVersion": 1,
	"dependencies": {
		"@ledgerhq/devices": {
			"version": "5.22.0",
			"resolved": "https://registry.npmjs.org/@ledgerhq/devices/-/devices-5.22.0.tgz",
			"integrity": "sha512-oJxhee/zlHmIx66zvQQTSpIsHOiiLjALemTX9oUtB4xQwFvoiptPnBCeTDTM9teode7wzk7oE9qdUAZuat+nCg==",
			"requires": {
				"@ledgerhq/errors": "^5.22.0",
				"@ledgerhq/logs": "^5.22.0",
				"rxjs": "^6.6.2"
			}
		},
		"@ledgerhq/errors": {
			"version": "5.22.0",
			"resolved": "https://registry.npmjs.org/@ledgerhq/errors/-/errors-5.22.0.tgz",
			"integrity": "sha512-XDT0meBn39+q+JWzUFXmiFbVYLTy+uHRFMb9napcxyZ0Q/MdKkle9/vkgtvRHjPIkGobklXpyefsgH3BZQHukA=="
		},
		"@ledgerhq/hw-app-eth": {
			"version": "5.22.0",
			"resolved": "https://registry.npmjs.org/@ledgerhq/hw-app-eth/-/hw-app-eth-5.22.0.tgz",
			"integrity": "sha512-O+PqA1DGsdyjZ2DFW3r6hKqtaGCq3MNqaYUmqHvdp/wTOYIlgmiBKqhaobMTA+ufa46/8CKLDheW/8WcAu7tAA==",
			"requires": {
				"@ledgerhq/errors": "^5.22.0",
				"@ledgerhq/hw-transport": "^5.22.0",
				"bignumber.js": "^9.0.0",
				"rlp": "^2.2.6"
			}
		},
		"@ledgerhq/hw-transport": {
			"version": "5.22.0",
			"resolved": "https://registry.npmjs.org/@ledgerhq/hw-transport/-/hw-transport-5.22.0.tgz",
			"integrity": "sha512-MFfkVGYMYnr6fI4XGnJQNLd36JIrRpvd5WBmVSDhCO3UKUER2fJ9koVBGc97o7yXtE5IAlJKF+nR9HZJIa0lRQ==",
			"requires": {
				"@ledgerhq/devices": "^5.22.0",
				"@ledgerhq/errors": "^5.22.0",
				"events": "^3.2.0"
			}
		},
		"@ledgerhq/hw-transport-node-hid-singleton": {
			"version": "5.22.0",
			"resolved": "https://registry.npmjs.org/@ledgerhq/hw-transport-node-hid-singleton/-/hw-transport-node-hid-singleton-5.22.0.tgz",
			"integrity": "sha512-J9ZpO5oBhcCZAUviwmp5wxvAymWxD2LS0Fn9q3ZPPD9bE5lXuQBzTyaiDH6UtxwPbD9YLkvIgfcog0d6fW8dgg==",
			"requires": {
				"@ledgerhq/devices": "^5.22.0",
				"@ledgerhq/errors": "^5.22.0",
				"@ledgerhq/hw-transport": "^5.22.0",
				"@ledgerhq/hw-transport-node-hid-noevents": "^5.22.0",
				"@ledgerhq/logs": "^5.22.0",
				"lodash": "^4.17.19",
				"node-hid": "^1.3.0",
				"usb-detection": "^4.10.0"
			},
			"dependencies": {
				"@ledgerhq/hw-transport-node-hid-noevents": {
					"version": "5.22.0",
					"resolved": "https://registry.npmjs.org/@ledgerhq/hw-transport-node-hid-noevents/-/hw-transport-node-hid-noevents-5.22.0.tgz",
					"integrity": "sha512-6sxrqTcBEGvhVDOS5Vy3mKZgaVOKbHplxm4o/3PmtugJcvpEBvDNGXNh3PMWPtHXXYQ5E5C/qWh7Y+gYshMmTg==",
					"requires": {
						"@ledgerhq/devices": "^5.22.0",
						"@ledgerhq/errors": "^5.22.0",
						"@ledgerhq/hw-transport": "^5.22.0",
						"@ledgerhq/logs": "^5.22.0",
						"node-hid": "^1.3.0"
					}
				}
			}
		},
		"@ledgerhq/logs": {
			"version": "5.22.0",
			"resolved": "https://registry.npmjs.org/@ledgerhq/logs/-/logs-5.22.0.tgz",
			"integrity": "sha512-jV4mJxD1aieORm+sK9bYakQd9GMLd7KAxgt2IaxhrTU+QD5Ne47mxQOTys9p7f5w25ujs3R+Px2t3KiMRASHtg=="
		},
		"@peculiar/asn1-schema": {
			"version": "1.0.3",
			"resolved": "https://registry.npmjs.org/@peculiar/asn1-schema/-/asn1-schema-1.0.3.tgz",
			"integrity": "sha512-Tfgj9eNJ6cTKEtEuidKenLHMx/Q5M8KEE9hnohHqvdpqHJXWYr5RlT3GjAHPjGXy5+mr7sSfuXfzE6aAkEGN7A==",
			"requires": {
				"asn1js": "^2.0.22",
				"tslib": "^1.9.3"
			}
		},
		"@peculiar/json-schema": {
			"version": "1.1.9",
			"resolved": "https://registry.npmjs.org/@peculiar/json-schema/-/json-schema-1.1.9.tgz",
			"integrity": "sha512-F2ST2y/IQPgY+1QMw1Q33sqJbGDCeO3lGqI69SL3Hgo0++7iHqprUB1QyxB/A7bN3tuM65MBxoM2JLbwh42lsQ==",
			"requires": {
				"tslib": "^1.10.0"
			}
		},
		"@peculiar/webcrypto": {
			"version": "1.0.23",
			"resolved": "https://registry.npmjs.org/@peculiar/webcrypto/-/webcrypto-1.0.23.tgz",
			"integrity": "sha512-Ssb4xpQI3BJ0itAtT9y9jyeeiWNjcFvP6Wt/ehITxRYrEnlSfnrP7Ytc7BwN8XtnKmXDS2cWvppPldw5QsFCcw==",
			"requires": {
				"@peculiar/asn1-schema": "^1.0.3",
				"@peculiar/json-schema": "^1.1.9",
				"asn1js": "^2.0.26",
				"pvtsutils": "^1.0.9",
				"tslib": "^1.11.1",
				"webcrypto-core": "^1.0.17"
			},
			"dependencies": {
				"tslib": {
					"version": "1.11.1",
					"resolved": "https://registry.npmjs.org/tslib/-/tslib-1.11.1.tgz",
					"integrity": "sha512-aZW88SY8kQbU7gpV19lN24LtXh/yD4ZZg6qieAJDDg+YBsJcSmLGK9QpnUjAKVG/xefmvJGd1WUmfpT/g6AJGA=="
				}
			}
		},
		"@types/ledgerhq__hw-transport": {
			"version": "4.21.2",
			"resolved": "https://registry.npmjs.org/@types/ledgerhq__hw-transport/-/ledgerhq__hw-transport-4.21.2.tgz",
			"integrity": "sha512-NhJwkdxdsqj/ZTq9KuBYtN+rDYOVYrlR3ByYNfK78iUOIlmXcXFBtfkhBUpX8c7dbE5uJZOjDdM3EC7Kf3Fakg==",
			"requires": {
				"@types/node": "*"
			}
		},
		"@types/node": {
			"version": "14.0.26",
			"resolved": "https://registry.npmjs.org/@types/node/-/node-14.0.26.tgz",
			"integrity": "sha512-W+fpe5s91FBGE0pEa0lnqGLL4USgpLgs4nokw16SrBBco/gQxuua7KnArSEOd5iaMqbbSHV10vUDkJYJJqpXKA=="
		},
		"@types/node-fetch": {
			"version": "2.5.5",
			"resolved": "https://registry.npmjs.org/@types/node-fetch/-/node-fetch-2.5.5.tgz",
			"integrity": "sha512-IWwjsyYjGw+em3xTvWVQi5MgYKbRs0du57klfTaZkv/B24AEQ/p/IopNeqIYNy3EsfHOpg8ieQSDomPcsYMHpA==",
			"requires": {
				"@types/node": "*",
				"form-data": "^3.0.0"
			}
		},
		"@zoltu/bigint-helpers": {
			"version": "2.0.1",
			"resolved": "https://registry.npmjs.org/@zoltu/bigint-helpers/-/bigint-helpers-2.0.1.tgz",
			"integrity": "sha512-oj4MP7xKDvdAbxHomXyfo7uoSaDlU7C1bW4mACVXiScWf6nkZzV4we2cO5OaoUNwjbq3YJaKB6etVTSddd3V9w=="
		},
		"@zoltu/ethereum-abi-encoder": {
			"version": "5.0.1",
			"resolved": "https://registry.npmjs.org/@zoltu/ethereum-abi-encoder/-/ethereum-abi-encoder-5.0.1.tgz",
			"integrity": "sha512-vrlai0bww2GvlLXe2yL6uN9LjoYmUDFjhyjuNRLA/XxbBW+dHky3FXZ5kHD8FU7IMY6utIT4QwswiL1Mgieldg=="
		},
		"@zoltu/ethereum-crypto": {
			"version": "2.1.1",
			"resolved": "https://registry.npmjs.org/@zoltu/ethereum-crypto/-/ethereum-crypto-2.1.1.tgz",
			"integrity": "sha512-+Nt58vcVtp93UO3ZWt9PvUGMVKbJ4qRwWcFOmu+LkwvjSpBy6X51+sMiNkzgIaYGo/YpWWZ4hZCvluDSngOxHw=="
		},
		"@zoltu/ethereum-fetch-json-rpc": {
			"version": "13.0.0",
			"resolved": "https://registry.npmjs.org/@zoltu/ethereum-fetch-json-rpc/-/ethereum-fetch-json-rpc-13.0.0.tgz",
			"integrity": "sha512-u5HFL4Iljw42rzOibc485QskVhNXD4LRb6Lr0xUnerpPOc9s2hQcHXAwPMfRralVXyrMlgVOLjOuUoZE6EZztA==",
			"requires": {
				"@zoltu/ethereum-types": "9.0.0"
			}
		},
		"@zoltu/ethereum-ledger": {
			"version": "3.0.1",
			"resolved": "https://registry.npmjs.org/@zoltu/ethereum-ledger/-/ethereum-ledger-3.0.1.tgz",
			"integrity": "sha512-gRXRtHSUAwbD0QKJNZV+i5MXa9v/AVdHZyvZQGIufj5cE5+aTB9VHcuTlryaB7E0dOwdxwvo3/4EuU6Jph7QYA=="
		},
		"@zoltu/ethereum-types": {
			"version": "9.0.0",
			"resolved": "https://registry.npmjs.org/@zoltu/ethereum-types/-/ethereum-types-9.0.0.tgz",
			"integrity": "sha512-6dVFV5KfecaEoHNQzetBtYVFUQwdo7Am2k+3HTcTMwY0m5zcUxJSfZzjWdsEsy9xRII8uGg6JLq1KZYQ4mxnEg=="
		},
		"@zoltu/recoverable-wallet-library": {
			"version": "file:../contracts",
			"requires": {
				"@zoltu/ethereum-abi-encoder": "4.0.0"
			},
			"dependencies": {
				"@types/node": {
					"version": "12.12.14",
					"resolved": "https://registry.npmjs.org/@types/node/-/node-12.12.14.tgz",
					"integrity": "sha512-u/SJDyXwuihpwjXy7hOOghagLEV1KdAST6syfnOk6QZAMzZuWZqXy5aYYZbh8Jdpd4escVFP0MvftHNDb9pruA=="
				},
				"@zoltu/bigint-helpers": {
					"version": "2.0.1",
					"resolved": "https://registry.npmjs.org/@zoltu/bigint-helpers/-/bigint-helpers-2.0.1.tgz",
					"integrity": "sha512-oj4MP7xKDvdAbxHomXyfo7uoSaDlU7C1bW4mACVXiScWf6nkZzV4we2cO5OaoUNwjbq3YJaKB6etVTSddd3V9w=="
				},
				"@zoltu/ethereum-abi-encoder": {
					"version": "4.0.0",
					"resolved": "https://registry.npmjs.org/@zoltu/ethereum-abi-encoder/-/ethereum-abi-encoder-4.0.0.tgz",
					"integrity": "sha512-lkAMZEze6mqTHgoX0fhSoqQGwcbqpVGeVNEH6IDRdb6ZM4JEZbTxazNa4ejcX8eQn9tFa8GMW+6GN7N9XcM3ng=="
				},
				"@zoltu/ethereum-crypto": {
					"version": "2.1.1",
					"resolved": "https://registry.npmjs.org/@zoltu/ethereum-crypto/-/ethereum-crypto-2.1.1.tgz",
					"integrity": "sha512-+Nt58vcVtp93UO3ZWt9PvUGMVKbJ4qRwWcFOmu+LkwvjSpBy6X51+sMiNkzgIaYGo/YpWWZ4hZCvluDSngOxHw=="
				},
				"@zoltu/solidity-typescript-generator": {
					"version": "3.0.2",
					"resolved": "https://registry.npmjs.org/@zoltu/solidity-typescript-generator/-/solidity-typescript-generator-3.0.2.tgz",
					"integrity": "sha512-swslyQxUG2u8n+quwdr1S465bEtzqPoPhKLjaUk63+aWIRHsvzx5TJLi3yLdm5AzuN74EnKvh4+86vgHrrPTsQ==",
					"requires": {
						"@zoltu/ethereum-abi-encoder": "3.0.1",
						"@zoltu/ethereum-crypto": "1.0.1"
					},
					"dependencies": {
						"@zoltu/ethereum-abi-encoder": {
							"version": "3.0.1",
							"resolved": "https://registry.npmjs.org/@zoltu/ethereum-abi-encoder/-/ethereum-abi-encoder-3.0.1.tgz",
							"integrity": "sha512-12ruH7Y5ZVLixnxB4tFTp+GGVhNNiWLewTzeWBRxrl9auoWl4bsgQVEV2lWI9PoDRWfXEzHqgmOQL9lGosTBdQ=="
						},
						"@zoltu/ethereum-crypto": {
							"version": "1.0.1",
							"resolved": "https://registry.npmjs.org/@zoltu/ethereum-crypto/-/ethereum-crypto-1.0.1.tgz",
							"integrity": "sha512-PrQp/X7ABkANYB8AQA98Xk+66Oy4IWCycW5r34jWcyzzFaik7cxo2ivJ0RBQEBBef9+7IFTrsxVsWXO799Td5A=="
						}
					}
				},
				"arg": {
					"version": "4.1.2",
					"resolved": "https://registry.npmjs.org/arg/-/arg-4.1.2.tgz",
					"integrity": "sha512-+ytCkGcBtHZ3V2r2Z06AncYO8jz46UEamcspGoU8lHcEbpn6J77QK0vdWvChsclg/tM5XIJC5tnjmPp7Eq6Obg=="
				},
				"balanced-match": {
					"version": "1.0.0",
					"resolved": "https://registry.npmjs.org/balanced-match/-/balanced-match-1.0.0.tgz",
					"integrity": "sha1-ibTRmasr7kneFk6gK4nORi1xt2c="
				},
				"brace-expansion": {
					"version": "1.1.11",
					"resolved": "https://registry.npmjs.org/brace-expansion/-/brace-expansion-1.1.11.tgz",
					"integrity": "sha512-iCuPHDFgrHX7H2vEI/5xpz07zSHB00TpugqhmYtVmMO6518mCuRMoOYFldEBl0g187ufozdaHgWKcYFb61qGiA==",
					"requires": {
						"balanced-match": "^1.0.0",
						"concat-map": "0.0.1"
					}
				},
				"buffer-from": {
					"version": "1.1.1",
					"resolved": "https://registry.npmjs.org/buffer-from/-/buffer-from-1.1.1.tgz",
					"integrity": "sha512-MQcXEUbCKtEo7bhqEs6560Hyd4XaovZlO/k9V3hjVUF/zwW7KBVdSK4gIt/bzwS9MbR5qob+F5jusZsb0YQK2A=="
				},
				"command-exists": {
					"version": "1.2.8",
					"resolved": "https://registry.npmjs.org/command-exists/-/command-exists-1.2.8.tgz",
					"integrity": "sha512-PM54PkseWbiiD/mMsbvW351/u+dafwTJ0ye2qB60G1aGQP9j3xK2gmMDc+R34L3nDtx4qMCitXT75mkbkGJDLw=="
				},
				"commander": {
					"version": "3.0.2",
					"resolved": "https://registry.npmjs.org/commander/-/commander-3.0.2.tgz",
					"integrity": "sha512-Gar0ASD4BDyKC4hl4DwHqDrmvjoxWKZigVnAbn5H1owvm4CxCPdb0HQDehwNYMJpla5+M2tPmPARzhtYuwpHow=="
				},
				"concat-map": {
					"version": "0.0.1",
					"resolved": "https://registry.npmjs.org/concat-map/-/concat-map-0.0.1.tgz",
					"integrity": "sha1-2Klr13/Wjfd5OnMDajug1UBdR3s="
				},
				"diff": {
					"version": "4.0.1",
					"resolved": "https://registry.npmjs.org/diff/-/diff-4.0.1.tgz",
					"integrity": "sha512-s2+XdvhPCOF01LRQBC8hf4vhbVmI2CGS5aZnxLJlT5FtdhPCDFq80q++zK2KlrVorVDdL5BOGZ/VfLrVtYNF+Q=="
				},
				"fs-extra": {
					"version": "0.30.0",
					"resolved": "https://registry.npmjs.org/fs-extra/-/fs-extra-0.30.0.tgz",
					"integrity": "sha1-8jP/zAjU2n1DLapEl3aYnbHfk/A=",
					"requires": {
						"graceful-fs": "^4.1.2",
						"jsonfile": "^2.1.0",
						"klaw": "^1.0.0",
						"path-is-absolute": "^1.0.0",
						"rimraf": "^2.2.8"
					}
				},
				"fs.realpath": {
					"version": "1.0.0",
					"resolved": "https://registry.npmjs.org/fs.realpath/-/fs.realpath-1.0.0.tgz",
					"integrity": "sha1-FQStJSMVjKpA20onh8sBQRmU6k8="
				},
				"glob": {
					"version": "7.1.6",
					"resolved": "https://registry.npmjs.org/glob/-/glob-7.1.6.tgz",
					"integrity": "sha512-LwaxwyZ72Lk7vZINtNNrywX0ZuLyStrdDtabefZKAY5ZGJhVtgdznluResxNmPitE0SAO+O26sWTHeKSI2wMBA==",
					"requires": {
						"fs.realpath": "^1.0.0",
						"inflight": "^1.0.4",
						"inherits": "2",
						"minimatch": "^3.0.4",
						"once": "^1.3.0",
						"path-is-absolute": "^1.0.0"
					}
				},
				"graceful-fs": {
					"version": "4.2.3",
					"resolved": "https://registry.npmjs.org/graceful-fs/-/graceful-fs-4.2.3.tgz",
					"integrity": "sha512-a30VEBm4PEdx1dRB7MFK7BejejvCvBronbLjht+sHuGYj8PHs7M/5Z+rt5lw551vZ7yfTCj4Vuyy3mSJytDWRQ=="
				},
				"inflight": {
					"version": "1.0.6",
					"resolved": "https://registry.npmjs.org/inflight/-/inflight-1.0.6.tgz",
					"integrity": "sha1-Sb1jMdfQLQwJvJEKEHW6gWW1bfk=",
					"requires": {
						"once": "^1.3.0",
						"wrappy": "1"
					}
				},
				"inherits": {
					"version": "2.0.4",
					"resolved": "https://registry.npmjs.org/inherits/-/inherits-2.0.4.tgz",
					"integrity": "sha512-k/vGaX4/Yla3WzyMCvTQOXYeIHvqOKtnqBduzTHpzpQZzAskKMhZ2K+EnBiSM9zGSoIFeMpXKxa4dYeZIQqewQ=="
				},
				"js-sha3": {
					"version": "0.8.0",
					"resolved": "https://registry.npmjs.org/js-sha3/-/js-sha3-0.8.0.tgz",
					"integrity": "sha512-gF1cRrHhIzNfToc802P800N8PpXS+evLLXfsVpowqmAFR9uwbi89WvXg2QspOmXL8QL86J4T1EpFu+yUkwJY3Q=="
				},
				"jsonfile": {
					"version": "2.4.0",
					"resolved": "https://registry.npmjs.org/jsonfile/-/jsonfile-2.4.0.tgz",
					"integrity": "sha1-NzaitCi4e72gzIO1P6PWM6NcKug=",
					"requires": {
						"graceful-fs": "^4.1.6"
					}
				},
				"klaw": {
					"version": "1.3.1",
					"resolved": "https://registry.npmjs.org/klaw/-/klaw-1.3.1.tgz",
					"integrity": "sha1-QIhDO0azsbolnXh4XY6W9zugJDk=",
					"requires": {
						"graceful-fs": "^4.1.9"
					}
				},
				"make-error": {
					"version": "1.3.5",
					"resolved": "https://registry.npmjs.org/make-error/-/make-error-1.3.5.tgz",
					"integrity": "sha512-c3sIjNUow0+8swNwVpqoH4YCShKNFkMaw6oH1mNS2haDZQqkeZFlHS3dhoeEbKKmJB4vXpJucU6oH75aDYeE9g=="
				},
				"memorystream": {
					"version": "0.3.1",
					"resolved": "https://registry.npmjs.org/memorystream/-/memorystream-0.3.1.tgz",
					"integrity": "sha1-htcJCzDORV1j+64S3aUaR93K+bI="
				},
				"minimatch": {
					"version": "3.0.4",
					"resolved": "https://registry.npmjs.org/minimatch/-/minimatch-3.0.4.tgz",
					"integrity": "sha512-yJHVQEhyqPLUTgt9B83PXu6W3rx4MvvHvSUvToogpwoGDOUQ+yDrR0HRot+yOCdCO7u4hX3pWft6kWBBcqh0UA==",
					"requires": {
						"brace-expansion": "^1.1.7"
					}
				},
				"once": {
					"version": "1.4.0",
					"resolved": "https://registry.npmjs.org/once/-/once-1.4.0.tgz",
					"integrity": "sha1-WDsap3WWHUsROsF9nFC6753Xa9E=",
					"requires": {
						"wrappy": "1"
					}
				},
				"os-tmpdir": {
					"version": "1.0.2",
					"resolved": "https://registry.npmjs.org/os-tmpdir/-/os-tmpdir-1.0.2.tgz",
					"integrity": "sha1-u+Z0BseaqFxc/sdm/lc0VV36EnQ="
				},
				"path-is-absolute": {
					"version": "1.0.1",
					"resolved": "https://registry.npmjs.org/path-is-absolute/-/path-is-absolute-1.0.1.tgz",
					"integrity": "sha1-F0uSaHNVNP+8es5r9TpanhtcX18="
				},
				"require-from-string": {
					"version": "2.0.2",
					"resolved": "https://registry.npmjs.org/require-from-string/-/require-from-string-2.0.2.tgz",
					"integrity": "sha512-Xf0nWe6RseziFMu+Ap9biiUbmplq6S9/p+7w7YXP/JBHhrUDDUhwa+vANyubuqfZWTveU//DYVGsDG7RKL/vEw=="
				},
				"rimraf": {
					"version": "2.7.1",
					"resolved": "https://registry.npmjs.org/rimraf/-/rimraf-2.7.1.tgz",
					"integrity": "sha512-uWjbaKIK3T1OSVptzX7Nl6PvQ3qAGtKEtVRjRuazjfL3Bx5eI409VZSqgND+4UNnmzLVdPj9FqFJNPqBZFve4w==",
					"requires": {
						"glob": "^7.1.3"
					}
				},
				"semver": {
					"version": "5.7.1",
					"resolved": "https://registry.npmjs.org/semver/-/semver-5.7.1.tgz",
					"integrity": "sha512-sauaDf/PZdVgrLTNYHRtpXa1iRiKcaebiKQ1BJdpQlWH2lCvexQdX55snPFyK7QzpudqbCI0qXFfOasHdyNDGQ=="
				},
				"solc": {
					"version": "0.6.2",
					"resolved": "https://registry.npmjs.org/solc/-/solc-0.6.2.tgz",
					"integrity": "sha512-PIFb/i7HSQXXfsXHlGDR+B2BCaQ+Bx7gpZ7bz+zLz2rPePyxkIJgLmb4rgRKYxEnIp5dKilcjKRPbrz8GNlIHQ==",
					"requires": {
						"command-exists": "^1.2.8",
						"commander": "3.0.2",
						"fs-extra": "^0.30.0",
						"js-sha3": "0.8.0",
						"memorystream": "^0.3.1",
						"require-from-string": "^2.0.0",
						"semver": "^5.5.0",
						"tmp": "0.0.33"
					}
				},
				"source-map": {
					"version": "0.6.1",
					"resolved": "https://registry.npmjs.org/source-map/-/source-map-0.6.1.tgz",
					"integrity": "sha512-UjgapumWlbMhkBgzT7Ykc5YXUT46F0iKu8SGXq0bcwP5dz/h0Plj6enJqjz1Zbq2l5WaqYnrVbwWOWMyF3F47g=="
				},
				"source-map-support": {
					"version": "0.5.16",
					"resolved": "https://registry.npmjs.org/source-map-support/-/source-map-support-0.5.16.tgz",
					"integrity": "sha512-efyLRJDr68D9hBBNIPWFjhpFzURh+KJykQwvMyW5UiZzYwoF6l4YMMDIJJEyFWxWCqfyxLzz6tSfUFR+kXXsVQ==",
					"requires": {
						"buffer-from": "^1.0.0",
						"source-map": "^0.6.0"
					}
				},
				"tmp": {
					"version": "0.0.33",
					"resolved": "https://registry.npmjs.org/tmp/-/tmp-0.0.33.tgz",
					"integrity": "sha512-jRCJlojKnZ3addtTOjdIqoRuPEKBvNXcGYqzO6zWZX8KfKEpnGY5jfggJQ3EjKuu8D4bJRr0y+cYJFmYbImXGw==",
					"requires": {
						"os-tmpdir": "~1.0.2"
					}
				},
				"ts-node": {
					"version": "8.5.4",
					"resolved": "https://registry.npmjs.org/ts-node/-/ts-node-8.5.4.tgz",
					"integrity": "sha512-izbVCRV68EasEPQ8MSIGBNK9dc/4sYJJKYA+IarMQct1RtEot6Xp0bXuClsbUSnKpg50ho+aOAx8en5c+y4OFw==",
					"requires": {
						"arg": "^4.1.0",
						"diff": "^4.0.1",
						"make-error": "^1.1.1",
						"source-map-support": "^0.5.6",
						"yn": "^3.0.0"
					}
				},
				"typescript": {
					"version": "3.7.3",
					"resolved": "https://registry.npmjs.org/typescript/-/typescript-3.7.3.tgz",
					"integrity": "sha512-Mcr/Qk7hXqFBXMN7p7Lusj1ktCBydylfQM/FZCk5glCNQJrCUKPkMHdo9R0MTFWsC/4kPFvDS0fDPvukfCkFsw=="
				},
				"wrappy": {
					"version": "1.0.2",
					"resolved": "https://registry.npmjs.org/wrappy/-/wrappy-1.0.2.tgz",
					"integrity": "sha1-tSQ9jz7BqjXxNkYFvA0QNuMKtp8="
				},
				"yn": {
					"version": "3.1.1",
					"resolved": "https://registry.npmjs.org/yn/-/yn-3.1.1.tgz",
					"integrity": "sha512-Ux4ygGWsu2c7isFWe8Yu1YluJmqVhxqK2cLXNQA5AcC3QfbGNpM7fu0Y8b/z16pXLnFxZYvWhd3fhBY9DLmC6Q=="
				}
			}
		},
		"@zoltu/rlp-encoder": {
			"version": "2.0.0",
			"resolved": "https://registry.npmjs.org/@zoltu/rlp-encoder/-/rlp-encoder-2.0.0.tgz",
			"integrity": "sha512-JybDoEKQvfmtqRARS/4KSZTOTTkNScjm4sjsNXiXx0LBZLONPj8JMRtteR/A9n7+CgDNN6ZA0qnFFm/pXCQXnw=="
		},
		"@zoltu/solidity-typescript-generator": {
			"version": "4.0.3",
			"resolved": "https://registry.npmjs.org/@zoltu/solidity-typescript-generator/-/solidity-typescript-generator-4.0.3.tgz",
			"integrity": "sha512-gKTRhJBr5Xc/G8ECNcu2Bo2JmXjg0Q3Oteqsv68UCvMcy6dTzLXkB0lqnlyL8xahIpqc1a8HMBx31WP12xBuYw==",
			"requires": {
				"@zoltu/ethereum-abi-encoder": "5.0.1",
				"@zoltu/ethereum-crypto": "2.1.1"
			}
		},
		"ansi-regex": {
			"version": "2.1.1",
			"resolved": "https://registry.npmjs.org/ansi-regex/-/ansi-regex-2.1.1.tgz",
			"integrity": "sha1-w7M6te42DYbg5ijwRorn7yfWVN8="
		},
		"aproba": {
			"version": "1.2.0",
			"resolved": "https://registry.npmjs.org/aproba/-/aproba-1.2.0.tgz",
			"integrity": "sha512-Y9J6ZjXtoYh8RnXVCMOU/ttDmk1aBjunq9vO0ta5x85WDQiQfUF9sIPBITdbiiIVcBo03Hi3jMxigBtsddlXRw=="
		},
		"are-we-there-yet": {
			"version": "1.1.5",
			"resolved": "https://registry.npmjs.org/are-we-there-yet/-/are-we-there-yet-1.1.5.tgz",
			"integrity": "sha512-5hYdAkZlcG8tOLujVDTgCT+uPX0VnpAH28gWsLfzpXYm7wP6mp5Q/gYyR7YQ0cKVJcXJnl3j2kpBan13PtQf6w==",
			"requires": {
				"delegates": "^1.0.0",
				"readable-stream": "^2.0.6"
			}
		},
		"arg": {
			"version": "4.1.3",
			"resolved": "https://registry.npmjs.org/arg/-/arg-4.1.3.tgz",
			"integrity": "sha512-58S9QDqG0Xx27YwPSt9fJxivjYl432YCwfDMfZ+71RAqUrZef7LrKQZ3LHLOwCS4FLNBplP533Zx895SeOCHvA=="
		},
		"asn1js": {
			"version": "2.0.26",
			"resolved": "https://registry.npmjs.org/asn1js/-/asn1js-2.0.26.tgz",
			"integrity": "sha512-yG89F0j9B4B0MKIcFyWWxnpZPLaNTjCj4tkE3fjbAoo0qmpGw0PYYqSbX/4ebnd9Icn8ZgK4K1fvDyEtW1JYtQ==",
			"requires": {
				"pvutils": "^1.0.17"
			},
			"dependencies": {
				"pvutils": {
					"version": "1.0.17",
					"resolved": "https://registry.npmjs.org/pvutils/-/pvutils-1.0.17.tgz",
					"integrity": "sha512-wLHYUQxWaXVQvKnwIDWFVKDJku9XDCvyhhxoq8dc5MFdIlRenyPI9eSfEtcvgHgD7FlvCyGAlWgOzRnZD99GZQ=="
				}
			}
		},
		"asynckit": {
			"version": "0.4.0",
			"resolved": "https://registry.npmjs.org/asynckit/-/asynckit-0.4.0.tgz",
			"integrity": "sha1-x57Zf380y48robyXkLzDZkdLS3k="
		},
		"bignumber.js": {
			"version": "9.0.0",
			"resolved": "https://registry.npmjs.org/bignumber.js/-/bignumber.js-9.0.0.tgz",
			"integrity": "sha512-t/OYhhJ2SD+YGBQcjY8GzzDHEk9f3nerxjtfa6tlMXfe7frs/WozhvCNoGvpM0P3bNf3Gq5ZRMlGr5f3r4/N8A=="
		},
		"bindings": {
			"version": "1.5.0",
			"resolved": "https://registry.npmjs.org/bindings/-/bindings-1.5.0.tgz",
			"integrity": "sha512-p2q/t/mhvuOj/UeLlV6566GD/guowlr0hHxClI0W9m7MWYkL1F0hLo+0Aexs9HSPCtR1SXQ0TD3MMKrXZajbiQ==",
			"requires": {
				"file-uri-to-path": "1.0.0"
			}
		},
		"bl": {
			"version": "3.0.0",
			"resolved": "https://registry.npmjs.org/bl/-/bl-3.0.0.tgz",
			"integrity": "sha512-EUAyP5UHU5hxF8BPT0LKW8gjYLhq1DQIcneOX/pL/m2Alo+OYDQAJlHq+yseMP50Os2nHXOSic6Ss3vSQeyf4A==",
			"requires": {
				"readable-stream": "^3.0.1"
			},
			"dependencies": {
				"readable-stream": {
					"version": "3.4.0",
					"resolved": "https://registry.npmjs.org/readable-stream/-/readable-stream-3.4.0.tgz",
					"integrity": "sha512-jItXPLmrSR8jmTRmRWJXCnGJsfy85mB3Wd/uINMXA65yrnFo0cPClFIUWzo2najVNSl+mx7/4W8ttlLWJe99pQ==",
					"requires": {
						"inherits": "^2.0.3",
						"string_decoder": "^1.1.1",
						"util-deprecate": "^1.0.1"
					}
				}
			}
		},
		"bn.js": {
			"version": "4.11.9",
			"resolved": "https://registry.npmjs.org/bn.js/-/bn.js-4.11.9.tgz",
			"integrity": "sha512-E6QoYqCKZfgatHTdHzs1RRKP7ip4vvm+EyRUeE2RF0NblwVvb0p6jSVeNTOFxPn26QXN2o6SMfNxKp6kU8zQaw=="
		},
		"buffer-from": {
			"version": "1.1.1",
			"resolved": "https://registry.npmjs.org/buffer-from/-/buffer-from-1.1.1.tgz",
			"integrity": "sha512-MQcXEUbCKtEo7bhqEs6560Hyd4XaovZlO/k9V3hjVUF/zwW7KBVdSK4gIt/bzwS9MbR5qob+F5jusZsb0YQK2A=="
		},
		"chownr": {
			"version": "1.1.3",
			"resolved": "https://registry.npmjs.org/chownr/-/chownr-1.1.3.tgz",
			"integrity": "sha512-i70fVHhmV3DtTl6nqvZOnIjbY0Pe4kAUjwHj8z0zAdgBtYrJyYwLKCCuRBQ5ppkyL0AkN7HKRnETdmdp1zqNXw=="
		},
		"code-point-at": {
			"version": "1.1.0",
			"resolved": "https://registry.npmjs.org/code-point-at/-/code-point-at-1.1.0.tgz",
			"integrity": "sha1-DQcLTQQ6W+ozovGkDi7bPZpMz3c="
		},
		"combined-stream": {
			"version": "1.0.8",
			"resolved": "https://registry.npmjs.org/combined-stream/-/combined-stream-1.0.8.tgz",
			"integrity": "sha512-FQN4MRfuJeHf7cBbBMJFXhKSDq+2kAArBlmRBvcvFE5BB1HZKXtSFASDhdlz9zOYwxh8lDdnvmMOe/+5cdoEdg==",
			"requires": {
				"delayed-stream": "~1.0.0"
			}
		},
		"console-control-strings": {
			"version": "1.1.0",
			"resolved": "https://registry.npmjs.org/console-control-strings/-/console-control-strings-1.1.0.tgz",
			"integrity": "sha1-PXz0Rk22RG6mRL9LOVB/mFEAjo4="
		},
		"core-util-is": {
			"version": "1.0.2",
			"resolved": "https://registry.npmjs.org/core-util-is/-/core-util-is-1.0.2.tgz",
			"integrity": "sha1-tf1UIgqivFq1eqtxQMlAdUUDwac="
		},
		"decompress-response": {
			"version": "4.2.1",
			"resolved": "https://registry.npmjs.org/decompress-response/-/decompress-response-4.2.1.tgz",
			"integrity": "sha512-jOSne2qbyE+/r8G1VU+G/82LBs2Fs4LAsTiLSHOCOMZQl2OKZ6i8i4IyHemTe+/yIXOtTcRQMzPcgyhoFlqPkw==",
			"requires": {
				"mimic-response": "^2.0.0"
			}
		},
		"deep-extend": {
			"version": "0.6.0",
			"resolved": "https://registry.npmjs.org/deep-extend/-/deep-extend-0.6.0.tgz",
			"integrity": "sha512-LOHxIOaPYdHlJRtCQfDIVZtfw/ufM8+rVj649RIHzcm/vGwQRXFt6OPqIFWsm2XEMrNIEtWR64sY1LEKD2vAOA=="
		},
		"delayed-stream": {
			"version": "1.0.0",
			"resolved": "https://registry.npmjs.org/delayed-stream/-/delayed-stream-1.0.0.tgz",
			"integrity": "sha1-3zrhmayt+31ECqrgsp4icrJOxhk="
		},
		"delegates": {
			"version": "1.0.0",
			"resolved": "https://registry.npmjs.org/delegates/-/delegates-1.0.0.tgz",
			"integrity": "sha1-hMbhWbgZBP3KWaDvRM2HDTElD5o="
		},
		"detect-libc": {
			"version": "1.0.3",
			"resolved": "https://registry.npmjs.org/detect-libc/-/detect-libc-1.0.3.tgz",
			"integrity": "sha1-+hN8S9aY7fVc1c0CrFWfkaTEups="
		},
		"diff": {
			"version": "4.0.2",
			"resolved": "https://registry.npmjs.org/diff/-/diff-4.0.2.tgz",
			"integrity": "sha512-58lmxKSA4BNyLz+HHMUzlOEpg09FV+ev6ZMe3vJihgdxzgcwZ8VoEEPmALCZG9LmqfVoNMMKpttIYTVG6uDY7A=="
		},
		"end-of-stream": {
			"version": "1.4.4",
			"resolved": "https://registry.npmjs.org/end-of-stream/-/end-of-stream-1.4.4.tgz",
			"integrity": "sha512-+uw1inIHVPQoaVuHzRyXd21icM+cnt4CzD5rW+NC1wjOUSTOs+Te7FOv7AhN7vS9x/oIyhLP5PR1H+phQAHu5Q==",
			"requires": {
				"once": "^1.4.0"
			}
		},
		"eth-ens-namehash": {
			"version": "2.0.8",
			"resolved": "https://registry.npmjs.org/eth-ens-namehash/-/eth-ens-namehash-2.0.8.tgz",
			"integrity": "sha1-IprEbsqG1S4MmR58sq74P/D2i88=",
			"requires": {
				"idna-uts46-hx": "^2.3.1",
				"js-sha3": "^0.5.7"
			}
		},
		"eventemitter2": {
			"version": "5.0.1",
			"resolved": "https://registry.npmjs.org/eventemitter2/-/eventemitter2-5.0.1.tgz",
			"integrity": "sha1-YZegldX7a1folC9v1+qtY6CclFI="
		},
		"events": {
			"version": "3.2.0",
			"resolved": "https://registry.npmjs.org/events/-/events-3.2.0.tgz",
			"integrity": "sha512-/46HWwbfCX2xTawVfkKLGxMifJYQBWMwY1mjywRtb4c9x8l5NP3KoJtnIOiL1hfdRkIuYhETxQlo62IF8tcnlg=="
		},
		"expand-template": {
			"version": "2.0.3",
			"resolved": "https://registry.npmjs.org/expand-template/-/expand-template-2.0.3.tgz",
			"integrity": "sha512-XYfuKMvj4O35f/pOXLObndIRvyQ+/+6AhODh+OKWj9S9498pHHn/IMszH+gt0fBCRWMNfk1ZSp5x3AifmnI2vg=="
		},
		"file-uri-to-path": {
			"version": "1.0.0",
			"resolved": "https://registry.npmjs.org/file-uri-to-path/-/file-uri-to-path-1.0.0.tgz",
			"integrity": "sha512-0Zt+s3L7Vf1biwWZ29aARiVYLx7iMGnEUl9x33fbB/j3jR81u/O2LbqK+Bm1CDSNDKVtJ/YjwY7TUd5SkeLQLw=="
		},
		"form-data": {
			"version": "3.0.0",
			"resolved": "https://registry.npmjs.org/form-data/-/form-data-3.0.0.tgz",
			"integrity": "sha512-CKMFDglpbMi6PyN+brwB9Q/GOw0eAnsrEZDgcsH5Krhz5Od/haKHAX0NmQfha2zPPz0JpWzA7GJHGSnvCRLWsg==",
			"requires": {
				"asynckit": "^0.4.0",
				"combined-stream": "^1.0.8",
				"mime-types": "^2.1.12"
			}
		},
		"fs-constants": {
			"version": "1.0.0",
			"resolved": "https://registry.npmjs.org/fs-constants/-/fs-constants-1.0.0.tgz",
			"integrity": "sha512-y6OAwoSIf7FyjMIv94u+b5rdheZEjzR63GTyZJm5qh4Bi+2YgwLCcI/fPFZkL5PSixOt6ZNKm+w+Hfp/Bciwow=="
		},
		"gauge": {
			"version": "2.7.4",
			"resolved": "https://registry.npmjs.org/gauge/-/gauge-2.7.4.tgz",
			"integrity": "sha1-LANAXHU4w51+s3sxcCLjJfsBi/c=",
			"requires": {
				"aproba": "^1.0.3",
				"console-control-strings": "^1.0.0",
				"has-unicode": "^2.0.0",
				"object-assign": "^4.1.0",
				"signal-exit": "^3.0.0",
				"string-width": "^1.0.1",
				"strip-ansi": "^3.0.1",
				"wide-align": "^1.1.0"
			}
		},
		"github-from-package": {
			"version": "0.0.0",
			"resolved": "https://registry.npmjs.org/github-from-package/-/github-from-package-0.0.0.tgz",
			"integrity": "sha1-l/tdlr/eiXMxPyDoKI75oWf6ZM4="
		},
		"has-unicode": {
			"version": "2.0.1",
			"resolved": "https://registry.npmjs.org/has-unicode/-/has-unicode-2.0.1.tgz",
			"integrity": "sha1-4Ob+aijPUROIVeCG0Wkedx3iqLk="
		},
		"idna-uts46-hx": {
			"version": "2.3.1",
			"resolved": "https://registry.npmjs.org/idna-uts46-hx/-/idna-uts46-hx-2.3.1.tgz",
			"integrity": "sha512-PWoF9Keq6laYdIRwwCdhTPl60xRqAloYNMQLiyUnG42VjT53oW07BXIRM+NK7eQjzXjAk2gUvX9caRxlnF9TAA==",
			"requires": {
				"punycode": "2.1.0"
			}
		},
		"inherits": {
			"version": "2.0.4",
			"resolved": "https://registry.npmjs.org/inherits/-/inherits-2.0.4.tgz",
			"integrity": "sha512-k/vGaX4/Yla3WzyMCvTQOXYeIHvqOKtnqBduzTHpzpQZzAskKMhZ2K+EnBiSM9zGSoIFeMpXKxa4dYeZIQqewQ=="
		},
		"ini": {
			"version": "1.3.5",
			"resolved": "https://registry.npmjs.org/ini/-/ini-1.3.5.tgz",
			"integrity": "sha512-RZY5huIKCMRWDUqZlEi72f/lmXKMvuszcMBduliQ3nnWbx9X/ZBQO7DijMEYS9EhHBb2qacRUMtC7svLwe0lcw=="
		},
		"is-fullwidth-code-point": {
			"version": "1.0.0",
			"resolved": "https://registry.npmjs.org/is-fullwidth-code-point/-/is-fullwidth-code-point-1.0.0.tgz",
			"integrity": "sha1-754xOG8DGn8NZDr4L95QxFfvAMs=",
			"requires": {
				"number-is-nan": "^1.0.0"
			}
		},
		"isarray": {
			"version": "1.0.0",
			"resolved": "https://registry.npmjs.org/isarray/-/isarray-1.0.0.tgz",
			"integrity": "sha1-u5NdSFgsuhaMBoNJV6VKPgcSTxE="
		},
		"js-sha3": {
			"version": "0.5.7",
			"resolved": "https://registry.npmjs.org/js-sha3/-/js-sha3-0.5.7.tgz",
			"integrity": "sha1-DU/9gALVMzqrr0oj7tL2N0yfKOc="
		},
		"lodash": {
			"version": "4.17.19",
			"resolved": "https://registry.npmjs.org/lodash/-/lodash-4.17.19.tgz",
			"integrity": "sha512-JNvd8XER9GQX0v2qJgsaN/mzFCNA5BRe/j8JN9d+tWyGLSodKQHKFicdwNYzWwI3wjRnaKPsGj1XkBjx/F96DQ=="
		},
		"make-error": {
			"version": "1.3.6",
			"resolved": "https://registry.npmjs.org/make-error/-/make-error-1.3.6.tgz",
			"integrity": "sha512-s8UhlNe7vPKomQhC1qFelMokr/Sc3AgNbso3n74mVPA5LTZwkB9NlXf4XPamLxJE8h0gh73rM94xvwRT2CVInw=="
		},
		"mime-db": {
			"version": "1.43.0",
			"resolved": "https://registry.npmjs.org/mime-db/-/mime-db-1.43.0.tgz",
			"integrity": "sha512-+5dsGEEovYbT8UY9yD7eE4XTc4UwJ1jBYlgaQQF38ENsKR3wj/8q8RFZrF9WIZpB2V1ArTVFUva8sAul1NzRzQ=="
		},
		"mime-types": {
			"version": "2.1.26",
			"resolved": "https://registry.npmjs.org/mime-types/-/mime-types-2.1.26.tgz",
			"integrity": "sha512-01paPWYgLrkqAyrlDorC1uDwl2p3qZT7yl806vW7DvDoxwXi46jsjFbg+WdwotBIk6/MbEhO/dh5aZ5sNj/dWQ==",
			"requires": {
				"mime-db": "1.43.0"
			}
		},
		"mimic-response": {
			"version": "2.0.0",
			"resolved": "https://registry.npmjs.org/mimic-response/-/mimic-response-2.0.0.tgz",
			"integrity": "sha512-8ilDoEapqA4uQ3TwS0jakGONKXVJqpy+RpM+3b7pLdOjghCrEiGp9SRkFbUHAmZW9vdnrENWHjaweIoTIJExSQ=="
		},
		"minimist": {
			"version": "1.2.0",
			"resolved": "https://registry.npmjs.org/minimist/-/minimist-1.2.0.tgz",
			"integrity": "sha1-o1AIsg9BOD7sH7kU9M1d95omQoQ="
		},
		"mkdirp": {
			"version": "0.5.1",
			"resolved": "https://registry.npmjs.org/mkdirp/-/mkdirp-0.5.1.tgz",
			"integrity": "sha1-MAV0OOrGz3+MR2fzhkjWaX11yQM=",
			"requires": {
				"minimist": "0.0.8"
			},
			"dependencies": {
				"minimist": {
					"version": "0.0.8",
					"resolved": "https://registry.npmjs.org/minimist/-/minimist-0.0.8.tgz",
					"integrity": "sha1-hX/Kv8M5fSYluCKCYuhqp6ARsF0="
				}
			}
		},
		"nan": {
			"version": "2.14.0",
			"resolved": "https://registry.npmjs.org/nan/-/nan-2.14.0.tgz",
			"integrity": "sha512-INOFj37C7k3AfaNTtX8RhsTw7qRy7eLET14cROi9+5HAVbbHuIWUHEauBv5qT4Av2tWasiTY1Jw6puUNqRJXQg=="
		},
		"napi-build-utils": {
			"version": "1.0.1",
			"resolved": "https://registry.npmjs.org/napi-build-utils/-/napi-build-utils-1.0.1.tgz",
			"integrity": "sha512-boQj1WFgQH3v4clhu3mTNfP+vOBxorDlE8EKiMjUlLG3C4qAESnn9AxIOkFgTR2c9LtzNjPrjS60cT27ZKBhaA=="
		},
		"node-abi": {
			"version": "2.13.0",
			"resolved": "https://registry.npmjs.org/node-abi/-/node-abi-2.13.0.tgz",
			"integrity": "sha512-9HrZGFVTR5SOu3PZAnAY2hLO36aW1wmA+FDsVkr85BTST32TLCA1H/AEcatVRAsWLyXS3bqUDYCAjq5/QGuSTA==",
			"requires": {
				"semver": "^5.4.1"
			}
		},
		"node-fetch": {
			"version": "2.6.0",
			"resolved": "https://registry.npmjs.org/node-fetch/-/node-fetch-2.6.0.tgz",
			"integrity": "sha512-8dG4H5ujfvFiqDmVu9fQ5bOHUC15JMjMY/Zumv26oOvvVJjM67KF8koCWIabKQ1GJIa9r2mMZscBq/TbdOcmNA=="
		},
		"node-hid": {
			"version": "1.3.0",
			"resolved": "https://registry.npmjs.org/node-hid/-/node-hid-1.3.0.tgz",
			"integrity": "sha512-BA6G4V84kiNd1uAChub/Z/5s/xS3EHBCxotQ0nyYrUG65mXewUDHE1tWOSqA2dp3N+mV0Ffq9wo2AW9t4p/G7g==",
			"requires": {
				"bindings": "^1.5.0",
				"nan": "^2.14.0",
				"node-abi": "^2.18.0",
				"prebuild-install": "^5.3.4"
			},
			"dependencies": {
				"minimist": {
					"version": "1.2.5",
					"resolved": "https://registry.npmjs.org/minimist/-/minimist-1.2.5.tgz",
					"integrity": "sha512-FM9nNUYrRBAELZQT3xeZQ7fmMOBg6nWNmJKTcgsJeaLstP/UODVpGsr5OhXhhXg6f+qtJ8uiZ+PUxkDWcgIXLw=="
				},
				"node-abi": {
					"version": "2.18.0",
					"resolved": "https://registry.npmjs.org/node-abi/-/node-abi-2.18.0.tgz",
					"integrity": "sha512-yi05ZoiuNNEbyT/xXfSySZE+yVnQW6fxPZuFbLyS1s6b5Kw3HzV2PHOM4XR+nsjzkHxByK+2Wg+yCQbe35l8dw==",
					"requires": {
						"semver": "^5.4.1"
					}
				},
				"prebuild-install": {
					"version": "5.3.5",
					"resolved": "https://registry.npmjs.org/prebuild-install/-/prebuild-install-5.3.5.tgz",
					"integrity": "sha512-YmMO7dph9CYKi5IR/BzjOJlRzpxGGVo1EsLSUZ0mt/Mq0HWZIHOKHHcHdT69yG54C9m6i45GpItwRHpk0Py7Uw==",
					"requires": {
						"detect-libc": "^1.0.3",
						"expand-template": "^2.0.3",
						"github-from-package": "0.0.0",
						"minimist": "^1.2.3",
						"mkdirp": "^0.5.1",
						"napi-build-utils": "^1.0.1",
						"node-abi": "^2.7.0",
						"noop-logger": "^0.1.1",
						"npmlog": "^4.0.1",
						"pump": "^3.0.0",
						"rc": "^1.2.7",
						"simple-get": "^3.0.3",
						"tar-fs": "^2.0.0",
						"tunnel-agent": "^0.6.0",
						"which-pm-runs": "^1.0.0"
					}
				}
			}
		},
		"noop-logger": {
			"version": "0.1.1",
			"resolved": "https://registry.npmjs.org/noop-logger/-/noop-logger-0.1.1.tgz",
			"integrity": "sha1-lKKxYzxPExdVMAfYlm/Q6EG2pMI="
		},
		"npmlog": {
			"version": "4.1.2",
			"resolved": "https://registry.npmjs.org/npmlog/-/npmlog-4.1.2.tgz",
			"integrity": "sha512-2uUqazuKlTaSI/dC8AzicUck7+IrEaOnN/e0jd3Xtt1KcGpwx30v50mL7oPyr/h9bL3E4aZccVwpwP+5W9Vjkg==",
			"requires": {
				"are-we-there-yet": "~1.1.2",
				"console-control-strings": "~1.1.0",
				"gauge": "~2.7.3",
				"set-blocking": "~2.0.0"
			}
		},
		"number-is-nan": {
			"version": "1.0.1",
			"resolved": "https://registry.npmjs.org/number-is-nan/-/number-is-nan-1.0.1.tgz",
			"integrity": "sha1-CXtgK1NCKlIsGvuHkDGDNpQaAR0="
		},
		"object-assign": {
			"version": "4.1.1",
			"resolved": "https://registry.npmjs.org/object-assign/-/object-assign-4.1.1.tgz",
			"integrity": "sha1-IQmtx5ZYh8/AXLvUQsrIv7s2CGM="
		},
		"once": {
			"version": "1.4.0",
			"resolved": "https://registry.npmjs.org/once/-/once-1.4.0.tgz",
			"integrity": "sha1-WDsap3WWHUsROsF9nFC6753Xa9E=",
			"requires": {
				"wrappy": "1"
			}
		},
		"process-nextick-args": {
			"version": "2.0.1",
			"resolved": "https://registry.npmjs.org/process-nextick-args/-/process-nextick-args-2.0.1.tgz",
			"integrity": "sha512-3ouUOpQhtgrbOa17J7+uxOTpITYWaGP7/AhoR3+A+/1e9skrzelGi/dXzEYyvbxubEF6Wn2ypscTKiKJFFn1ag=="
		},
		"pump": {
			"version": "3.0.0",
			"resolved": "https://registry.npmjs.org/pump/-/pump-3.0.0.tgz",
			"integrity": "sha512-LwZy+p3SFs1Pytd/jYct4wpv49HiYCqd9Rlc5ZVdk0V+8Yzv6jR5Blk3TRmPL1ft69TxP0IMZGJ+WPFU2BFhww==",
			"requires": {
				"end-of-stream": "^1.1.0",
				"once": "^1.3.1"
			}
		},
		"punycode": {
			"version": "2.1.0",
			"resolved": "https://registry.npmjs.org/punycode/-/punycode-2.1.0.tgz",
			"integrity": "sha1-X4Y+3Im5bbCQdLrXlHvwkFbKTn0="
		},
		"pvtsutils": {
			"version": "1.0.9",
			"resolved": "https://registry.npmjs.org/pvtsutils/-/pvtsutils-1.0.9.tgz",
			"integrity": "sha512-/kDsuCKPqJuIzn37w6+iN+TiSrN+zrwPEd7FjT61oNbRvceGdsS94fMEWZ4/h6QZU5EZhBMiV+79IYedroP/Yw==",
			"requires": {
				"tslib": "^1.10.0"
			}
		},
		"rc": {
			"version": "1.2.8",
			"resolved": "https://registry.npmjs.org/rc/-/rc-1.2.8.tgz",
			"integrity": "sha512-y3bGgqKj3QBdxLbLkomlohkvsA8gdAiUQlSBJnBhfn+BPxg4bc62d8TcBW15wavDfgexCgccckhcZvywyQYPOw==",
			"requires": {
				"deep-extend": "^0.6.0",
				"ini": "~1.3.0",
				"minimist": "^1.2.0",
				"strip-json-comments": "~2.0.1"
			}
		},
		"readable-stream": {
			"version": "2.3.6",
			"resolved": "https://registry.npmjs.org/readable-stream/-/readable-stream-2.3.6.tgz",
			"integrity": "sha512-tQtKA9WIAhBF3+VLAseyMqZeBjW0AHJoxOtYqSUZNJxauErmLbVm2FW1y+J/YA9dUrAC39ITejlZWhVIwawkKw==",
			"requires": {
				"core-util-is": "~1.0.0",
				"inherits": "~2.0.3",
				"isarray": "~1.0.0",
				"process-nextick-args": "~2.0.0",
				"safe-buffer": "~5.1.1",
				"string_decoder": "~1.1.1",
				"util-deprecate": "~1.0.1"
			}
		},
		"regenerator-runtime": {
			"version": "0.13.3",
			"resolved": "https://registry.npmjs.org/regenerator-runtime/-/regenerator-runtime-0.13.3.tgz",
			"integrity": "sha512-naKIZz2GQ8JWh///G7L3X6LaQUAMp2lvb1rvwwsURe/VXwD6VMfr+/1NuNw3ag8v2kY1aQ/go5SNn79O9JU7yw=="
		},
		"rlp": {
			"version": "2.2.6",
			"resolved": "https://registry.npmjs.org/rlp/-/rlp-2.2.6.tgz",
			"integrity": "sha512-HAfAmL6SDYNWPUOJNrM500x4Thn4PZsEy5pijPh40U9WfNk0z15hUYzO9xVIMAdIHdFtD8CBDHd75Td1g36Mjg==",
			"requires": {
				"bn.js": "^4.11.1"
			}
		},
		"rxjs": {
			"version": "6.6.2",
			"resolved": "https://registry.npmjs.org/rxjs/-/rxjs-6.6.2.tgz",
			"integrity": "sha512-BHdBMVoWC2sL26w//BCu3YzKT4s2jip/WhwsGEDmeKYBhKDZeYezVUnHatYB7L85v5xs0BAQmg6BEYJEKxBabg==",
			"requires": {
				"tslib": "^1.9.0"
			}
		},
		"safe-buffer": {
			"version": "5.1.2",
			"resolved": "https://registry.npmjs.org/safe-buffer/-/safe-buffer-5.1.2.tgz",
			"integrity": "sha512-Gd2UZBJDkXlY7GbJxfsE8/nvKkUEU1G38c1siN6QP6a9PT9MmHB8GnpscSmMJSoF8LOIrt8ud/wPtojys4G6+g=="
		},
		"semaphore-async-await": {
			"version": "1.5.1",
			"resolved": "https://registry.npmjs.org/semaphore-async-await/-/semaphore-async-await-1.5.1.tgz",
			"integrity": "sha1-hXvvXjZEYBykuVcLh+nfXKEpdPo="
		},
		"semver": {
			"version": "5.7.1",
			"resolved": "https://registry.npmjs.org/semver/-/semver-5.7.1.tgz",
			"integrity": "sha512-sauaDf/PZdVgrLTNYHRtpXa1iRiKcaebiKQ1BJdpQlWH2lCvexQdX55snPFyK7QzpudqbCI0qXFfOasHdyNDGQ=="
		},
		"set-blocking": {
			"version": "2.0.0",
			"resolved": "https://registry.npmjs.org/set-blocking/-/set-blocking-2.0.0.tgz",
			"integrity": "sha1-BF+XgtARrppoA93TgrJDkrPYkPc="
		},
		"signal-exit": {
			"version": "3.0.2",
			"resolved": "https://registry.npmjs.org/signal-exit/-/signal-exit-3.0.2.tgz",
			"integrity": "sha1-tf3AjxKH6hF4Yo5BXiUTK3NkbG0="
		},
		"simple-concat": {
			"version": "1.0.0",
			"resolved": "https://registry.npmjs.org/simple-concat/-/simple-concat-1.0.0.tgz",
			"integrity": "sha1-c0TLuLbib7J9ZrL8hvn21Zl1IcY="
		},
		"simple-get": {
			"version": "3.1.0",
			"resolved": "https://registry.npmjs.org/simple-get/-/simple-get-3.1.0.tgz",
			"integrity": "sha512-bCR6cP+aTdScaQCnQKbPKtJOKDp/hj9EDLJo3Nw4y1QksqaovlW/bnptB6/c1e+qmNIDHRK+oXFDdEqBT8WzUA==",
			"requires": {
				"decompress-response": "^4.2.0",
				"once": "^1.3.1",
				"simple-concat": "^1.0.0"
			}
		},
		"source-map": {
			"version": "0.6.1",
			"resolved": "https://registry.npmjs.org/source-map/-/source-map-0.6.1.tgz",
			"integrity": "sha512-UjgapumWlbMhkBgzT7Ykc5YXUT46F0iKu8SGXq0bcwP5dz/h0Plj6enJqjz1Zbq2l5WaqYnrVbwWOWMyF3F47g=="
		},
		"source-map-support": {
			"version": "0.5.19",
			"resolved": "https://registry.npmjs.org/source-map-support/-/source-map-support-0.5.19.tgz",
			"integrity": "sha512-Wonm7zOCIJzBGQdB+thsPar0kYuCIzYvxZwlBa87yi/Mdjv7Tip2cyVbLj5o0cFPN4EVkuTwb3GDDyUx2DGnGw==",
			"requires": {
				"buffer-from": "^1.0.0",
				"source-map": "^0.6.0"
			}
		},
		"string-width": {
			"version": "1.0.2",
			"resolved": "https://registry.npmjs.org/string-width/-/string-width-1.0.2.tgz",
			"integrity": "sha1-EYvfW4zcUaKn5w0hHgfisLmxB9M=",
			"requires": {
				"code-point-at": "^1.0.0",
				"is-fullwidth-code-point": "^1.0.0",
				"strip-ansi": "^3.0.0"
			}
		},
		"string_decoder": {
			"version": "1.1.1",
			"resolved": "https://registry.npmjs.org/string_decoder/-/string_decoder-1.1.1.tgz",
			"integrity": "sha512-n/ShnvDi6FHbbVfviro+WojiFzv+s8MPMHBczVePfUpDJLwoLT0ht1l4YwBCbi8pJAveEEdnkHyPyTP/mzRfwg==",
			"requires": {
				"safe-buffer": "~5.1.0"
			}
		},
		"strip-ansi": {
			"version": "3.0.1",
			"resolved": "https://registry.npmjs.org/strip-ansi/-/strip-ansi-3.0.1.tgz",
			"integrity": "sha1-ajhfuIU9lS1f8F0Oiq+UJ43GPc8=",
			"requires": {
				"ansi-regex": "^2.0.0"
			}
		},
		"strip-json-comments": {
			"version": "2.0.1",
			"resolved": "https://registry.npmjs.org/strip-json-comments/-/strip-json-comments-2.0.1.tgz",
			"integrity": "sha1-PFMZQukIwml8DsNEhYwobHygpgo="
		},
		"tar-fs": {
			"version": "2.0.0",
			"resolved": "https://registry.npmjs.org/tar-fs/-/tar-fs-2.0.0.tgz",
			"integrity": "sha512-vaY0obB6Om/fso8a8vakQBzwholQ7v5+uy+tF3Ozvxv1KNezmVQAiWtcNmMHFSFPqL3dJA8ha6gdtFbfX9mcxA==",
			"requires": {
				"chownr": "^1.1.1",
				"mkdirp": "^0.5.1",
				"pump": "^3.0.0",
				"tar-stream": "^2.0.0"
			}
		},
		"tar-stream": {
			"version": "2.1.0",
			"resolved": "https://registry.npmjs.org/tar-stream/-/tar-stream-2.1.0.tgz",
			"integrity": "sha512-+DAn4Nb4+gz6WZigRzKEZl1QuJVOLtAwwF+WUxy1fJ6X63CaGaUAxJRD2KEn1OMfcbCjySTYpNC6WmfQoIEOdw==",
			"requires": {
				"bl": "^3.0.0",
				"end-of-stream": "^1.4.1",
				"fs-constants": "^1.0.0",
				"inherits": "^2.0.3",
				"readable-stream": "^3.1.1"
			},
			"dependencies": {
				"readable-stream": {
					"version": "3.4.0",
					"resolved": "https://registry.npmjs.org/readable-stream/-/readable-stream-3.4.0.tgz",
					"integrity": "sha512-jItXPLmrSR8jmTRmRWJXCnGJsfy85mB3Wd/uINMXA65yrnFo0cPClFIUWzo2najVNSl+mx7/4W8ttlLWJe99pQ==",
					"requires": {
						"inherits": "^2.0.3",
						"string_decoder": "^1.1.1",
						"util-deprecate": "^1.0.1"
					}
				}
			}
		},
		"ts-node": {
			"version": "8.10.2",
			"resolved": "https://registry.npmjs.org/ts-node/-/ts-node-8.10.2.tgz",
			"integrity": "sha512-ISJJGgkIpDdBhWVu3jufsWpK3Rzo7bdiIXJjQc0ynKxVOVcg2oIrf2H2cejminGrptVc6q6/uynAHNCuWGbpVA==",
			"requires": {
				"arg": "^4.1.0",
				"diff": "^4.0.1",
				"make-error": "^1.1.1",
				"source-map-support": "^0.5.17",
				"yn": "3.1.1"
			}
		},
		"tslib": {
			"version": "1.10.0",
			"resolved": "https://registry.npmjs.org/tslib/-/tslib-1.10.0.tgz",
			"integrity": "sha512-qOebF53frne81cf0S9B41ByenJ3/IuH8yJKngAX35CmiZySA0khhkovshKK+jGCaMnVomla7gVlIcc3EvKPbTQ=="
		},
		"tunnel-agent": {
			"version": "0.6.0",
			"resolved": "https://registry.npmjs.org/tunnel-agent/-/tunnel-agent-0.6.0.tgz",
			"integrity": "sha1-J6XeoGs2sEoKmWZ3SykIaPD8QP0=",
			"requires": {
				"safe-buffer": "^5.0.1"
			}
		},
		"typescript": {
			"version": "3.9.7",
			"resolved": "https://registry.npmjs.org/typescript/-/typescript-3.9.7.tgz",
			"integrity": "sha512-BLbiRkiBzAwsjut4x/dsibSTB6yWpwT5qWmC2OfuCg3GgVQCSgMs4vEctYPhsaGtd0AeuuHMkjZ2h2WG8MSzRw=="
		},
		"usb-detection": {
			"version": "4.10.0",
			"resolved": "https://registry.npmjs.org/usb-detection/-/usb-detection-4.10.0.tgz",
			"integrity": "sha512-YUzVWXwfSviE2pInXCKYXhR5heY9GUzlWsdZYxb/Br1Xela6P31A0KDHm7XW0Wsku1HwrokZx+/OD8cZSPHR3w==",
			"requires": {
				"bindings": "^1.3.0",
				"eventemitter2": "^5.0.1",
				"nan": "^2.13.2",
				"prebuild-install": "^5.3.5"
			},
			"dependencies": {
				"minimist": {
					"version": "1.2.5",
					"resolved": "https://registry.npmjs.org/minimist/-/minimist-1.2.5.tgz",
					"integrity": "sha512-FM9nNUYrRBAELZQT3xeZQ7fmMOBg6nWNmJKTcgsJeaLstP/UODVpGsr5OhXhhXg6f+qtJ8uiZ+PUxkDWcgIXLw=="
				},
				"prebuild-install": {
					"version": "5.3.5",
					"resolved": "https://registry.npmjs.org/prebuild-install/-/prebuild-install-5.3.5.tgz",
					"integrity": "sha512-YmMO7dph9CYKi5IR/BzjOJlRzpxGGVo1EsLSUZ0mt/Mq0HWZIHOKHHcHdT69yG54C9m6i45GpItwRHpk0Py7Uw==",
					"requires": {
						"detect-libc": "^1.0.3",
						"expand-template": "^2.0.3",
						"github-from-package": "0.0.0",
						"minimist": "^1.2.3",
						"mkdirp": "^0.5.1",
						"napi-build-utils": "^1.0.1",
						"node-abi": "^2.7.0",
						"noop-logger": "^0.1.1",
						"npmlog": "^4.0.1",
						"pump": "^3.0.0",
						"rc": "^1.2.7",
						"simple-get": "^3.0.3",
						"tar-fs": "^2.0.0",
						"tunnel-agent": "^0.6.0",
						"which-pm-runs": "^1.0.0"
					}
				}
			}
		},
		"util-deprecate": {
			"version": "1.0.2",
			"resolved": "https://registry.npmjs.org/util-deprecate/-/util-deprecate-1.0.2.tgz",
			"integrity": "sha1-RQ1Nyfpw3nMnYvvS1KKJgUGaDM8="
		},
		"webcrypto-core": {
			"version": "1.0.17",
			"resolved": "https://registry.npmjs.org/webcrypto-core/-/webcrypto-core-1.0.17.tgz",
			"integrity": "sha512-7jxTLgtM+TahBPErx/Dd2XvxFDfWJrHxjVeTSvIa4LSgiYrmCPlC2INiAMAfb8MbtHiwJKKqF5sPS0AWNjBbXw==",
			"requires": {
				"pvtsutils": "^1.0.9",
				"tslib": "^1.10.0"
			}
		},
		"which-pm-runs": {
			"version": "1.0.0",
			"resolved": "https://registry.npmjs.org/which-pm-runs/-/which-pm-runs-1.0.0.tgz",
			"integrity": "sha1-Zws6+8VS4LVd9rd4DKdGFfI60cs="
		},
		"wide-align": {
			"version": "1.1.3",
			"resolved": "https://registry.npmjs.org/wide-align/-/wide-align-1.1.3.tgz",
			"integrity": "sha512-QGkOQc8XL6Bt5PwnsExKBPuMKBxnGxWWW3fU55Xt4feHozMUhdUMaBCk290qpm/wG5u/RSKzwdAC4i51YigihA==",
			"requires": {
				"string-width": "^1.0.2 || 2"
			}
		},
		"wrappy": {
			"version": "1.0.2",
			"resolved": "https://registry.npmjs.org/wrappy/-/wrappy-1.0.2.tgz",
			"integrity": "sha1-tSQ9jz7BqjXxNkYFvA0QNuMKtp8="
		},
		"yn": {
			"version": "3.1.1",
			"resolved": "https://registry.npmjs.org/yn/-/yn-3.1.1.tgz",
			"integrity": "sha512-Ux4ygGWsu2c7isFWe8Yu1YluJmqVhxqK2cLXNQA5AcC3QfbGNpM7fu0Y8b/z16pXLnFxZYvWhd3fhBY9DLmC6Q=="
		}
	}
}
