{
	"requires": true,
	"lockfileVersion": 1,
	"dependencies": {
		"@ledgerhq/devices": {
			"version": "4.74.2",
			"resolved": "https://registry.npmjs.org/@ledgerhq/devices/-/devices-4.74.2.tgz",
			"integrity": "sha512-EUA2S28DWWKvUs9XOIpdNZMU5HGyXIZU2nVr6Rr0yYvYTEuItuBSvtfot17rSoyYLwClOoNPHMqXAvrCmr/6hg==",
			"requires": {
				"@ledgerhq/errors": "^4.74.2",
				"@ledgerhq/logs": "^4.72.0",
				"rxjs": "^6.5.3"
			}
		},
		"@ledgerhq/errors": {
			"version": "4.74.2",
			"resolved": "https://registry.npmjs.org/@ledgerhq/errors/-/errors-4.74.2.tgz",
			"integrity": "sha512-Y42pWQlxP0cD5av/UKXM0PXCL4knylP4lZ0BFMPDDqU8VTOWKhj92sWJJgb4beqU19i7uuEqqAeYbMMt1ubwpg=="
		},
		"@ledgerhq/hw-app-eth": {
			"version": "4.76.0",
			"resolved": "https://registry.npmjs.org/@ledgerhq/hw-app-eth/-/hw-app-eth-4.76.0.tgz",
			"integrity": "sha512-ks/kWEmqBtVW4plMBGY4m5nicuy4eI6YzwGH9/b+cX6xb72ZcZj/2v7hUZxkIXdLfYUyoZifZe9ko6fihaAbDw==",
			"requires": {
				"@ledgerhq/errors": "^4.74.2",
				"@ledgerhq/hw-transport": "^4.74.2"
			}
		},
		"@ledgerhq/hw-transport": {
			"version": "4.74.2",
			"resolved": "https://registry.npmjs.org/@ledgerhq/hw-transport/-/hw-transport-4.74.2.tgz",
			"integrity": "sha512-83SiHd7wuif/epq58n9kPFhqr/1zv9a13nDYFLinaUGvRrx5jGFvCq9HiS/WIPOeIHsnuStpqKQbpUDvlRlHKg==",
			"requires": {
				"@ledgerhq/devices": "^4.74.2",
				"@ledgerhq/errors": "^4.74.2",
				"events": "^3.0.0"
			}
		},
		"@ledgerhq/hw-transport-node-hid": {
			"version": "4.74.2",
			"resolved": "https://registry.npmjs.org/@ledgerhq/hw-transport-node-hid/-/hw-transport-node-hid-4.74.2.tgz",
			"integrity": "sha512-wdNdr7oojIEj7EZjoJ5L+R7rdm1wTEMB7Sy+/cR2CwgEIn2L+qKhgUrBcpMeiU+SN3tKrTAzUZ2+ZcTSpY4GZA==",
			"requires": {
				"@ledgerhq/devices": "^4.74.2",
				"@ledgerhq/errors": "^4.74.2",
				"@ledgerhq/hw-transport": "^4.74.2",
				"@ledgerhq/hw-transport-node-hid-noevents": "^4.74.2",
				"@ledgerhq/logs": "^4.72.0",
				"lodash": "^4.17.15",
				"node-hid": "^0.7.9",
				"usb": "^1.6.0"
			}
		},
		"@ledgerhq/hw-transport-node-hid-noevents": {
			"version": "4.74.2",
			"resolved": "https://registry.npmjs.org/@ledgerhq/hw-transport-node-hid-noevents/-/hw-transport-node-hid-noevents-4.74.2.tgz",
			"integrity": "sha512-ed2dApJWGEZFdLX4Z3wRAWKXiPloNpqE22KkehiBgDCMtiJBTCtI7cH97OgsjqAac9fEelUXplQIPLbYjiWlJQ==",
			"requires": {
				"@ledgerhq/devices": "^4.74.2",
				"@ledgerhq/errors": "^4.74.2",
				"@ledgerhq/hw-transport": "^4.74.2",
				"@ledgerhq/logs": "^4.72.0",
				"node-hid": "^0.7.9"
			}
		},
		"@ledgerhq/logs": {
			"version": "4.72.0",
			"resolved": "https://registry.npmjs.org/@ledgerhq/logs/-/logs-4.72.0.tgz",
			"integrity": "sha512-o+TYF8vBcyySRsb2kqBDv/KMeme8a2nwWoG+lAWzbDmWfb2/MrVWYCVYDYvjXdSoI/Cujqy1i0gIDrkdxa9chA=="
		},
		"@peculiar/asn1-schema": {
			"version": "1.0.3",
			"resolved": "https://registry.npmjs.org/@peculiar/asn1-schema/-/asn1-schema-1.0.3.tgz",
			"integrity": "sha512-Tfgj9eNJ6cTKEtEuidKenLHMx/Q5M8KEE9hnohHqvdpqHJXWYr5RlT3GjAHPjGXy5+mr7sSfuXfzE6aAkEGN7A==",
			"requires": {
				"asn1js": "^2.0.22",
				"tslib": "^1.9.3"
			}
		},
		"@peculiar/json-schema": {
			"version": "1.1.9",
			"resolved": "https://registry.npmjs.org/@peculiar/json-schema/-/json-schema-1.1.9.tgz",
			"integrity": "sha512-F2ST2y/IQPgY+1QMw1Q33sqJbGDCeO3lGqI69SL3Hgo0++7iHqprUB1QyxB/A7bN3tuM65MBxoM2JLbwh42lsQ==",
			"requires": {
				"tslib": "^1.10.0"
			}
		},
		"@peculiar/webcrypto": {
			"version": "1.0.23",
			"resolved": "https://registry.npmjs.org/@peculiar/webcrypto/-/webcrypto-1.0.23.tgz",
			"integrity": "sha512-Ssb4xpQI3BJ0itAtT9y9jyeeiWNjcFvP6Wt/ehITxRYrEnlSfnrP7Ytc7BwN8XtnKmXDS2cWvppPldw5QsFCcw==",
			"requires": {
				"@peculiar/asn1-schema": "^1.0.3",
				"@peculiar/json-schema": "^1.1.9",
				"asn1js": "^2.0.26",
				"pvtsutils": "^1.0.9",
				"tslib": "^1.11.1",
				"webcrypto-core": "^1.0.17"
			},
			"dependencies": {
				"tslib": {
					"version": "1.11.1",
					"resolved": "https://registry.npmjs.org/tslib/-/tslib-1.11.1.tgz",
					"integrity": "sha512-aZW88SY8kQbU7gpV19lN24LtXh/yD4ZZg6qieAJDDg+YBsJcSmLGK9QpnUjAKVG/xefmvJGd1WUmfpT/g6AJGA=="
				}
			}
		},
		"@types/ledgerhq__hw-transport": {
			"version": "4.21.2",
			"resolved": "https://registry.npmjs.org/@types/ledgerhq__hw-transport/-/ledgerhq__hw-transport-4.21.2.tgz",
			"integrity": "sha512-NhJwkdxdsqj/ZTq9KuBYtN+rDYOVYrlR3ByYNfK78iUOIlmXcXFBtfkhBUpX8c7dbE5uJZOjDdM3EC7Kf3Fakg==",
			"requires": {
				"@types/node": "*"
			}
		},
		"@types/ledgerhq__hw-transport-node-hid": {
			"version": "4.22.1",
			"resolved": "https://registry.npmjs.org/@types/ledgerhq__hw-transport-node-hid/-/ledgerhq__hw-transport-node-hid-4.22.1.tgz",
			"integrity": "sha512-EVdR5HWKUsuQOeg8DUqyhAtCooPsYpA3q+xvEdcZsgXxD/R8XNuYxSDCKNVyl0nEfobfJisb7f3Ta+Shf58izw==",
			"requires": {
				"@types/ledgerhq__hw-transport": "*",
				"@types/node": "*",
				"@types/node-hid": "*"
			}
		},
		"@types/node": {
			"version": "12.12.6",
			"resolved": "https://registry.npmjs.org/@types/node/-/node-12.12.6.tgz",
			"integrity": "sha512-FjsYUPzEJdGXjwKqSpE0/9QEh6kzhTAeObA54rn6j3rR4C/mzpI9L0KNfoeASSPMMdxIsoJuCLDWcM/rVjIsSA=="
		},
		"@types/node-fetch": {
			"version": "2.5.5",
			"resolved": "https://registry.npmjs.org/@types/node-fetch/-/node-fetch-2.5.5.tgz",
			"integrity": "sha512-IWwjsyYjGw+em3xTvWVQi5MgYKbRs0du57klfTaZkv/B24AEQ/p/IopNeqIYNy3EsfHOpg8ieQSDomPcsYMHpA==",
			"requires": {
				"@types/node": "*",
				"form-data": "^3.0.0"
			}
		},
		"@types/node-hid": {
			"version": "0.7.3",
			"resolved": "https://registry.npmjs.org/@types/node-hid/-/node-hid-0.7.3.tgz",
			"integrity": "sha512-ip+Un3Ps0Qok3W3fMgYxaYxVYcbjDYM7yXNm8Uf1sggvSeXL/Q+vZG0AdSDWDQO9apQSE7Yieb4SjfymF1OqPA==",
			"requires": {
				"@types/node": "*"
			}
		},
		"@zoltu/bigint-helpers": {
			"version": "2.0.1",
			"resolved": "https://registry.npmjs.org/@zoltu/bigint-helpers/-/bigint-helpers-2.0.1.tgz",
			"integrity": "sha512-oj4MP7xKDvdAbxHomXyfo7uoSaDlU7C1bW4mACVXiScWf6nkZzV4we2cO5OaoUNwjbq3YJaKB6etVTSddd3V9w=="
		},
		"@zoltu/ethereum-abi-encoder": {
			"version": "4.0.0",
			"resolved": "https://registry.npmjs.org/@zoltu/ethereum-abi-encoder/-/ethereum-abi-encoder-4.0.0.tgz",
			"integrity": "sha512-lkAMZEze6mqTHgoX0fhSoqQGwcbqpVGeVNEH6IDRdb6ZM4JEZbTxazNa4ejcX8eQn9tFa8GMW+6GN7N9XcM3ng=="
		},
		"@zoltu/ethereum-crypto": {
			"version": "2.1.1",
			"resolved": "https://registry.npmjs.org/@zoltu/ethereum-crypto/-/ethereum-crypto-2.1.1.tgz",
			"integrity": "sha512-+Nt58vcVtp93UO3ZWt9PvUGMVKbJ4qRwWcFOmu+LkwvjSpBy6X51+sMiNkzgIaYGo/YpWWZ4hZCvluDSngOxHw=="
		},
		"@zoltu/ethereum-fetch-json-rpc": {
			"version": "11.1.0",
			"resolved": "https://registry.npmjs.org/@zoltu/ethereum-fetch-json-rpc/-/ethereum-fetch-json-rpc-11.1.0.tgz",
			"integrity": "sha512-wG9bKax/acHpzERYeTAuWqe/7jMZ6Tjqc086POIgTu8Gxeap5twCXip7fyCVKEwJJGo454ZiHb4s5XcVXWADCg==",
			"requires": {
				"@zoltu/ethereum-types": "8.3.2"
			},
			"dependencies": {
				"@zoltu/ethereum-types": {
					"version": "8.3.2",
					"resolved": "https://registry.npmjs.org/@zoltu/ethereum-types/-/ethereum-types-8.3.2.tgz",
					"integrity": "sha512-tdW3tL/oevQNFuUIvgsPky1s+xGRuUfzC4kBp74eAg2oYn/dq4GFwy9VHQubArWtDlVORn/L4XpOmNqKILT61A=="
				}
			}
		},
		"@zoltu/ethereum-ledger": {
			"version": "3.0.0",
			"resolved": "https://registry.npmjs.org/@zoltu/ethereum-ledger/-/ethereum-ledger-3.0.0.tgz",
			"integrity": "sha512-uHrHSpo/zjQj2QzGwRWgqF52NTq/YVkLdMhC1eAwmDQ1OrAgiTtJ3PeNc4bXkY0Vh88DQIqCgMXTu4cKHv65Aw=="
		},
		"@zoltu/ethereum-types": {
			"version": "8.3.2",
			"resolved": "https://registry.npmjs.org/@zoltu/ethereum-types/-/ethereum-types-8.3.2.tgz",
			"integrity": "sha512-tdW3tL/oevQNFuUIvgsPky1s+xGRuUfzC4kBp74eAg2oYn/dq4GFwy9VHQubArWtDlVORn/L4XpOmNqKILT61A=="
		},
		"@zoltu/recoverable-wallet-library": {
			"version": "file:../contracts",
			"requires": {
				"@zoltu/ethereum-abi-encoder": "4.0.0"
			},
			"dependencies": {
				"@zoltu/ethereum-abi-encoder": {
					"version": "4.0.0",
					"resolved": "https://registry.npmjs.org/@zoltu/ethereum-abi-encoder/-/ethereum-abi-encoder-4.0.0.tgz",
					"integrity": "sha512-lkAMZEze6mqTHgoX0fhSoqQGwcbqpVGeVNEH6IDRdb6ZM4JEZbTxazNa4ejcX8eQn9tFa8GMW+6GN7N9XcM3ng=="
				}
			}
		},
		"@zoltu/rlp-encoder": {
			"version": "1.0.2",
			"resolved": "https://registry.npmjs.org/@zoltu/rlp-encoder/-/rlp-encoder-1.0.2.tgz",
			"integrity": "sha512-0Vd1bA6NdQx+hOxzP5DYXCudXhPRpx3LG6l+EqPhRYr+BE+GlokEr3QWTMJzOqgcDAL/nwhLhoeVJYJwAIV5zg=="
		},
		"@zoltu/solidity-typescript-generator": {
			"version": "3.1.0",
			"resolved": "https://registry.npmjs.org/@zoltu/solidity-typescript-generator/-/solidity-typescript-generator-3.1.0.tgz",
			"integrity": "sha512-5sRsNpyS9JcTOiLvqPuhqkrnL4GKLoQf+wszb27du/nCw6Xv1lboFn2bRbV/av3qb/RBUzFlFztxchDzVxuW9g==",
			"requires": {
				"@zoltu/ethereum-abi-encoder": "4.0.0",
				"@zoltu/ethereum-crypto": "2.1.1"
			}
		},
		"ansi-regex": {
			"version": "2.1.1",
			"resolved": "https://registry.npmjs.org/ansi-regex/-/ansi-regex-2.1.1.tgz",
			"integrity": "sha1-w7M6te42DYbg5ijwRorn7yfWVN8="
		},
		"aproba": {
			"version": "1.2.0",
			"resolved": "https://registry.npmjs.org/aproba/-/aproba-1.2.0.tgz",
			"integrity": "sha512-Y9J6ZjXtoYh8RnXVCMOU/ttDmk1aBjunq9vO0ta5x85WDQiQfUF9sIPBITdbiiIVcBo03Hi3jMxigBtsddlXRw=="
		},
		"are-we-there-yet": {
			"version": "1.1.5",
			"resolved": "https://registry.npmjs.org/are-we-there-yet/-/are-we-there-yet-1.1.5.tgz",
			"integrity": "sha512-5hYdAkZlcG8tOLujVDTgCT+uPX0VnpAH28gWsLfzpXYm7wP6mp5Q/gYyR7YQ0cKVJcXJnl3j2kpBan13PtQf6w==",
			"requires": {
				"delegates": "^1.0.0",
				"readable-stream": "^2.0.6"
			}
		},
		"arg": {
			"version": "4.1.3",
			"resolved": "https://registry.npmjs.org/arg/-/arg-4.1.3.tgz",
			"integrity": "sha512-58S9QDqG0Xx27YwPSt9fJxivjYl432YCwfDMfZ+71RAqUrZef7LrKQZ3LHLOwCS4FLNBplP533Zx895SeOCHvA=="
		},
		"asn1js": {
			"version": "2.0.26",
			"resolved": "https://registry.npmjs.org/asn1js/-/asn1js-2.0.26.tgz",
			"integrity": "sha512-yG89F0j9B4B0MKIcFyWWxnpZPLaNTjCj4tkE3fjbAoo0qmpGw0PYYqSbX/4ebnd9Icn8ZgK4K1fvDyEtW1JYtQ==",
			"requires": {
				"pvutils": "^1.0.17"
			}
		},
		"asynckit": {
			"version": "0.4.0",
			"resolved": "https://registry.npmjs.org/asynckit/-/asynckit-0.4.0.tgz",
			"integrity": "sha1-x57Zf380y48robyXkLzDZkdLS3k="
		},
		"bindings": {
			"version": "1.5.0",
			"resolved": "https://registry.npmjs.org/bindings/-/bindings-1.5.0.tgz",
			"integrity": "sha512-p2q/t/mhvuOj/UeLlV6566GD/guowlr0hHxClI0W9m7MWYkL1F0hLo+0Aexs9HSPCtR1SXQ0TD3MMKrXZajbiQ==",
			"requires": {
				"file-uri-to-path": "1.0.0"
			}
		},
		"bl": {
			"version": "3.0.0",
			"resolved": "https://registry.npmjs.org/bl/-/bl-3.0.0.tgz",
			"integrity": "sha512-EUAyP5UHU5hxF8BPT0LKW8gjYLhq1DQIcneOX/pL/m2Alo+OYDQAJlHq+yseMP50Os2nHXOSic6Ss3vSQeyf4A==",
			"requires": {
				"readable-stream": "^3.0.1"
			},
			"dependencies": {
				"readable-stream": {
					"version": "3.4.0",
					"resolved": "https://registry.npmjs.org/readable-stream/-/readable-stream-3.4.0.tgz",
					"integrity": "sha512-jItXPLmrSR8jmTRmRWJXCnGJsfy85mB3Wd/uINMXA65yrnFo0cPClFIUWzo2najVNSl+mx7/4W8ttlLWJe99pQ==",
					"requires": {
						"inherits": "^2.0.3",
						"string_decoder": "^1.1.1",
						"util-deprecate": "^1.0.1"
					}
				}
			}
		},
		"buffer-from": {
			"version": "1.1.1",
			"resolved": "https://registry.npmjs.org/buffer-from/-/buffer-from-1.1.1.tgz",
			"integrity": "sha512-MQcXEUbCKtEo7bhqEs6560Hyd4XaovZlO/k9V3hjVUF/zwW7KBVdSK4gIt/bzwS9MbR5qob+F5jusZsb0YQK2A=="
		},
		"chownr": {
			"version": "1.1.3",
			"resolved": "https://registry.npmjs.org/chownr/-/chownr-1.1.3.tgz",
			"integrity": "sha512-i70fVHhmV3DtTl6nqvZOnIjbY0Pe4kAUjwHj8z0zAdgBtYrJyYwLKCCuRBQ5ppkyL0AkN7HKRnETdmdp1zqNXw=="
		},
		"code-point-at": {
			"version": "1.1.0",
			"resolved": "https://registry.npmjs.org/code-point-at/-/code-point-at-1.1.0.tgz",
			"integrity": "sha1-DQcLTQQ6W+ozovGkDi7bPZpMz3c="
		},
		"combined-stream": {
			"version": "1.0.8",
			"resolved": "https://registry.npmjs.org/combined-stream/-/combined-stream-1.0.8.tgz",
			"integrity": "sha512-FQN4MRfuJeHf7cBbBMJFXhKSDq+2kAArBlmRBvcvFE5BB1HZKXtSFASDhdlz9zOYwxh8lDdnvmMOe/+5cdoEdg==",
			"requires": {
				"delayed-stream": "~1.0.0"
			}
		},
		"console-control-strings": {
			"version": "1.1.0",
			"resolved": "https://registry.npmjs.org/console-control-strings/-/console-control-strings-1.1.0.tgz",
			"integrity": "sha1-PXz0Rk22RG6mRL9LOVB/mFEAjo4="
		},
		"core-util-is": {
			"version": "1.0.2",
			"resolved": "https://registry.npmjs.org/core-util-is/-/core-util-is-1.0.2.tgz",
			"integrity": "sha1-tf1UIgqivFq1eqtxQMlAdUUDwac="
		},
		"decompress-response": {
			"version": "4.2.1",
			"resolved": "https://registry.npmjs.org/decompress-response/-/decompress-response-4.2.1.tgz",
			"integrity": "sha512-jOSne2qbyE+/r8G1VU+G/82LBs2Fs4LAsTiLSHOCOMZQl2OKZ6i8i4IyHemTe+/yIXOtTcRQMzPcgyhoFlqPkw==",
			"requires": {
				"mimic-response": "^2.0.0"
			}
		},
		"deep-extend": {
			"version": "0.6.0",
			"resolved": "https://registry.npmjs.org/deep-extend/-/deep-extend-0.6.0.tgz",
			"integrity": "sha512-LOHxIOaPYdHlJRtCQfDIVZtfw/ufM8+rVj649RIHzcm/vGwQRXFt6OPqIFWsm2XEMrNIEtWR64sY1LEKD2vAOA=="
		},
		"delayed-stream": {
			"version": "1.0.0",
			"resolved": "https://registry.npmjs.org/delayed-stream/-/delayed-stream-1.0.0.tgz",
			"integrity": "sha1-3zrhmayt+31ECqrgsp4icrJOxhk="
		},
		"delegates": {
			"version": "1.0.0",
			"resolved": "https://registry.npmjs.org/delegates/-/delegates-1.0.0.tgz",
			"integrity": "sha1-hMbhWbgZBP3KWaDvRM2HDTElD5o="
		},
		"detect-libc": {
			"version": "1.0.3",
			"resolved": "https://registry.npmjs.org/detect-libc/-/detect-libc-1.0.3.tgz",
			"integrity": "sha1-+hN8S9aY7fVc1c0CrFWfkaTEups="
		},
		"diff": {
			"version": "4.0.2",
			"resolved": "https://registry.npmjs.org/diff/-/diff-4.0.2.tgz",
			"integrity": "sha512-58lmxKSA4BNyLz+HHMUzlOEpg09FV+ev6ZMe3vJihgdxzgcwZ8VoEEPmALCZG9LmqfVoNMMKpttIYTVG6uDY7A=="
		},
		"end-of-stream": {
			"version": "1.4.4",
			"resolved": "https://registry.npmjs.org/end-of-stream/-/end-of-stream-1.4.4.tgz",
			"integrity": "sha512-+uw1inIHVPQoaVuHzRyXd21icM+cnt4CzD5rW+NC1wjOUSTOs+Te7FOv7AhN7vS9x/oIyhLP5PR1H+phQAHu5Q==",
			"requires": {
				"once": "^1.4.0"
			}
		},
		"events": {
			"version": "3.0.0",
			"resolved": "https://registry.npmjs.org/events/-/events-3.0.0.tgz",
			"integrity": "sha512-Dc381HFWJzEOhQ+d8pkNon++bk9h6cdAoAj4iE6Q4y6xgTzySWXlKn05/TVNpjnfRqi/X0EpJEJohPjNI3zpVA=="
		},
		"expand-template": {
			"version": "2.0.3",
			"resolved": "https://registry.npmjs.org/expand-template/-/expand-template-2.0.3.tgz",
			"integrity": "sha512-XYfuKMvj4O35f/pOXLObndIRvyQ+/+6AhODh+OKWj9S9498pHHn/IMszH+gt0fBCRWMNfk1ZSp5x3AifmnI2vg=="
		},
		"file-uri-to-path": {
			"version": "1.0.0",
			"resolved": "https://registry.npmjs.org/file-uri-to-path/-/file-uri-to-path-1.0.0.tgz",
			"integrity": "sha512-0Zt+s3L7Vf1biwWZ29aARiVYLx7iMGnEUl9x33fbB/j3jR81u/O2LbqK+Bm1CDSNDKVtJ/YjwY7TUd5SkeLQLw=="
		},
		"form-data": {
			"version": "3.0.0",
			"resolved": "https://registry.npmjs.org/form-data/-/form-data-3.0.0.tgz",
			"integrity": "sha512-CKMFDglpbMi6PyN+brwB9Q/GOw0eAnsrEZDgcsH5Krhz5Od/haKHAX0NmQfha2zPPz0JpWzA7GJHGSnvCRLWsg==",
			"requires": {
				"asynckit": "^0.4.0",
				"combined-stream": "^1.0.8",
				"mime-types": "^2.1.12"
			}
		},
		"fs-constants": {
			"version": "1.0.0",
			"resolved": "https://registry.npmjs.org/fs-constants/-/fs-constants-1.0.0.tgz",
			"integrity": "sha512-y6OAwoSIf7FyjMIv94u+b5rdheZEjzR63GTyZJm5qh4Bi+2YgwLCcI/fPFZkL5PSixOt6ZNKm+w+Hfp/Bciwow=="
		},
		"gauge": {
			"version": "2.7.4",
			"resolved": "https://registry.npmjs.org/gauge/-/gauge-2.7.4.tgz",
			"integrity": "sha1-LANAXHU4w51+s3sxcCLjJfsBi/c=",
			"requires": {
				"aproba": "^1.0.3",
				"console-control-strings": "^1.0.0",
				"has-unicode": "^2.0.0",
				"object-assign": "^4.1.0",
				"signal-exit": "^3.0.0",
				"string-width": "^1.0.1",
				"strip-ansi": "^3.0.1",
				"wide-align": "^1.1.0"
			}
		},
		"github-from-package": {
			"version": "0.0.0",
			"resolved": "https://registry.npmjs.org/github-from-package/-/github-from-package-0.0.0.tgz",
			"integrity": "sha1-l/tdlr/eiXMxPyDoKI75oWf6ZM4="
		},
		"has-unicode": {
			"version": "2.0.1",
			"resolved": "https://registry.npmjs.org/has-unicode/-/has-unicode-2.0.1.tgz",
			"integrity": "sha1-4Ob+aijPUROIVeCG0Wkedx3iqLk="
		},
		"inherits": {
			"version": "2.0.4",
			"resolved": "https://registry.npmjs.org/inherits/-/inherits-2.0.4.tgz",
			"integrity": "sha512-k/vGaX4/Yla3WzyMCvTQOXYeIHvqOKtnqBduzTHpzpQZzAskKMhZ2K+EnBiSM9zGSoIFeMpXKxa4dYeZIQqewQ=="
		},
		"ini": {
			"version": "1.3.5",
			"resolved": "https://registry.npmjs.org/ini/-/ini-1.3.5.tgz",
			"integrity": "sha512-RZY5huIKCMRWDUqZlEi72f/lmXKMvuszcMBduliQ3nnWbx9X/ZBQO7DijMEYS9EhHBb2qacRUMtC7svLwe0lcw=="
		},
		"is-fullwidth-code-point": {
			"version": "1.0.0",
			"resolved": "https://registry.npmjs.org/is-fullwidth-code-point/-/is-fullwidth-code-point-1.0.0.tgz",
			"integrity": "sha1-754xOG8DGn8NZDr4L95QxFfvAMs=",
			"requires": {
				"number-is-nan": "^1.0.0"
			}
		},
		"isarray": {
			"version": "1.0.0",
			"resolved": "https://registry.npmjs.org/isarray/-/isarray-1.0.0.tgz",
			"integrity": "sha1-u5NdSFgsuhaMBoNJV6VKPgcSTxE="
		},
		"lodash": {
			"version": "4.17.15",
			"resolved": "https://registry.npmjs.org/lodash/-/lodash-4.17.15.tgz",
			"integrity": "sha512-8xOcRHvCjnocdS5cpwXQXVzmmh5e5+saE2QGoeQmbKmRS6J3VQppPOIt0MnmE+4xlZoumy0GPG0D0MVIQbNA1A=="
		},
		"make-error": {
			"version": "1.3.6",
			"resolved": "https://registry.npmjs.org/make-error/-/make-error-1.3.6.tgz",
			"integrity": "sha512-s8UhlNe7vPKomQhC1qFelMokr/Sc3AgNbso3n74mVPA5LTZwkB9NlXf4XPamLxJE8h0gh73rM94xvwRT2CVInw=="
		},
		"mime-db": {
			"version": "1.43.0",
			"resolved": "https://registry.npmjs.org/mime-db/-/mime-db-1.43.0.tgz",
			"integrity": "sha512-+5dsGEEovYbT8UY9yD7eE4XTc4UwJ1jBYlgaQQF38ENsKR3wj/8q8RFZrF9WIZpB2V1ArTVFUva8sAul1NzRzQ=="
		},
		"mime-types": {
			"version": "2.1.26",
			"resolved": "https://registry.npmjs.org/mime-types/-/mime-types-2.1.26.tgz",
			"integrity": "sha512-01paPWYgLrkqAyrlDorC1uDwl2p3qZT7yl806vW7DvDoxwXi46jsjFbg+WdwotBIk6/MbEhO/dh5aZ5sNj/dWQ==",
			"requires": {
				"mime-db": "1.43.0"
			}
		},
		"mimic-response": {
			"version": "2.0.0",
			"resolved": "https://registry.npmjs.org/mimic-response/-/mimic-response-2.0.0.tgz",
			"integrity": "sha512-8ilDoEapqA4uQ3TwS0jakGONKXVJqpy+RpM+3b7pLdOjghCrEiGp9SRkFbUHAmZW9vdnrENWHjaweIoTIJExSQ=="
		},
		"minimist": {
			"version": "1.2.0",
			"resolved": "https://registry.npmjs.org/minimist/-/minimist-1.2.0.tgz",
			"integrity": "sha1-o1AIsg9BOD7sH7kU9M1d95omQoQ="
		},
		"mkdirp": {
			"version": "0.5.1",
			"resolved": "https://registry.npmjs.org/mkdirp/-/mkdirp-0.5.1.tgz",
			"integrity": "sha1-MAV0OOrGz3+MR2fzhkjWaX11yQM=",
			"requires": {
				"minimist": "0.0.8"
			},
			"dependencies": {
				"minimist": {
					"version": "0.0.8",
					"resolved": "https://registry.npmjs.org/minimist/-/minimist-0.0.8.tgz",
					"integrity": "sha1-hX/Kv8M5fSYluCKCYuhqp6ARsF0="
				}
			}
		},
		"nan": {
			"version": "2.14.0",
			"resolved": "https://registry.npmjs.org/nan/-/nan-2.14.0.tgz",
			"integrity": "sha512-INOFj37C7k3AfaNTtX8RhsTw7qRy7eLET14cROi9+5HAVbbHuIWUHEauBv5qT4Av2tWasiTY1Jw6puUNqRJXQg=="
		},
		"napi-build-utils": {
			"version": "1.0.1",
			"resolved": "https://registry.npmjs.org/napi-build-utils/-/napi-build-utils-1.0.1.tgz",
			"integrity": "sha512-boQj1WFgQH3v4clhu3mTNfP+vOBxorDlE8EKiMjUlLG3C4qAESnn9AxIOkFgTR2c9LtzNjPrjS60cT27ZKBhaA=="
		},
		"node-abi": {
			"version": "2.13.0",
			"resolved": "https://registry.npmjs.org/node-abi/-/node-abi-2.13.0.tgz",
			"integrity": "sha512-9HrZGFVTR5SOu3PZAnAY2hLO36aW1wmA+FDsVkr85BTST32TLCA1H/AEcatVRAsWLyXS3bqUDYCAjq5/QGuSTA==",
			"requires": {
				"semver": "^5.4.1"
			}
		},
		"node-fetch": {
			"version": "2.6.0",
			"resolved": "https://registry.npmjs.org/node-fetch/-/node-fetch-2.6.0.tgz",
			"integrity": "sha512-8dG4H5ujfvFiqDmVu9fQ5bOHUC15JMjMY/Zumv26oOvvVJjM67KF8koCWIabKQ1GJIa9r2mMZscBq/TbdOcmNA=="
		},
		"node-hid": {
			"version": "0.7.9",
			"resolved": "https://registry.npmjs.org/node-hid/-/node-hid-0.7.9.tgz",
			"integrity": "sha512-vJnonTqmq3frCyTumJqG4g2IZcny3ynkfmbfDfQ90P3ZhRzcWYS/Um1ux6HFmAxmkaQnrZqIYHcGpL7kdqY8jA==",
			"requires": {
				"bindings": "^1.5.0",
				"nan": "^2.13.2",
				"prebuild-install": "^5.3.0"
			}
		},
		"noop-logger": {
			"version": "0.1.1",
			"resolved": "https://registry.npmjs.org/noop-logger/-/noop-logger-0.1.1.tgz",
			"integrity": "sha1-lKKxYzxPExdVMAfYlm/Q6EG2pMI="
		},
		"npmlog": {
			"version": "4.1.2",
			"resolved": "https://registry.npmjs.org/npmlog/-/npmlog-4.1.2.tgz",
			"integrity": "sha512-2uUqazuKlTaSI/dC8AzicUck7+IrEaOnN/e0jd3Xtt1KcGpwx30v50mL7oPyr/h9bL3E4aZccVwpwP+5W9Vjkg==",
			"requires": {
				"are-we-there-yet": "~1.1.2",
				"console-control-strings": "~1.1.0",
				"gauge": "~2.7.3",
				"set-blocking": "~2.0.0"
			}
		},
		"number-is-nan": {
			"version": "1.0.1",
			"resolved": "https://registry.npmjs.org/number-is-nan/-/number-is-nan-1.0.1.tgz",
			"integrity": "sha1-CXtgK1NCKlIsGvuHkDGDNpQaAR0="
		},
		"object-assign": {
			"version": "4.1.1",
			"resolved": "https://registry.npmjs.org/object-assign/-/object-assign-4.1.1.tgz",
			"integrity": "sha1-IQmtx5ZYh8/AXLvUQsrIv7s2CGM="
		},
		"once": {
			"version": "1.4.0",
			"resolved": "https://registry.npmjs.org/once/-/once-1.4.0.tgz",
			"integrity": "sha1-WDsap3WWHUsROsF9nFC6753Xa9E=",
			"requires": {
				"wrappy": "1"
			}
		},
		"prebuild-install": {
			"version": "5.3.3",
			"resolved": "https://registry.npmjs.org/prebuild-install/-/prebuild-install-5.3.3.tgz",
			"integrity": "sha512-GV+nsUXuPW2p8Zy7SarF/2W/oiK8bFQgJcncoJ0d7kRpekEA0ftChjfEaF9/Y+QJEc/wFR7RAEa8lYByuUIe2g==",
			"requires": {
				"detect-libc": "^1.0.3",
				"expand-template": "^2.0.3",
				"github-from-package": "0.0.0",
				"minimist": "^1.2.0",
				"mkdirp": "^0.5.1",
				"napi-build-utils": "^1.0.1",
				"node-abi": "^2.7.0",
				"noop-logger": "^0.1.1",
				"npmlog": "^4.0.1",
				"pump": "^3.0.0",
				"rc": "^1.2.7",
				"simple-get": "^3.0.3",
				"tar-fs": "^2.0.0",
				"tunnel-agent": "^0.6.0",
				"which-pm-runs": "^1.0.0"
			}
		},
		"process-nextick-args": {
			"version": "2.0.1",
			"resolved": "https://registry.npmjs.org/process-nextick-args/-/process-nextick-args-2.0.1.tgz",
			"integrity": "sha512-3ouUOpQhtgrbOa17J7+uxOTpITYWaGP7/AhoR3+A+/1e9skrzelGi/dXzEYyvbxubEF6Wn2ypscTKiKJFFn1ag=="
		},
		"pump": {
			"version": "3.0.0",
			"resolved": "https://registry.npmjs.org/pump/-/pump-3.0.0.tgz",
			"integrity": "sha512-LwZy+p3SFs1Pytd/jYct4wpv49HiYCqd9Rlc5ZVdk0V+8Yzv6jR5Blk3TRmPL1ft69TxP0IMZGJ+WPFU2BFhww==",
			"requires": {
				"end-of-stream": "^1.1.0",
				"once": "^1.3.1"
			}
		},
		"pvtsutils": {
			"version": "1.0.9",
			"resolved": "https://registry.npmjs.org/pvtsutils/-/pvtsutils-1.0.9.tgz",
			"integrity": "sha512-/kDsuCKPqJuIzn37w6+iN+TiSrN+zrwPEd7FjT61oNbRvceGdsS94fMEWZ4/h6QZU5EZhBMiV+79IYedroP/Yw==",
			"requires": {
				"tslib": "^1.10.0"
			}
		},
		"pvutils": {
			"version": "1.0.17",
			"resolved": "https://registry.npmjs.org/pvutils/-/pvutils-1.0.17.tgz",
			"integrity": "sha512-wLHYUQxWaXVQvKnwIDWFVKDJku9XDCvyhhxoq8dc5MFdIlRenyPI9eSfEtcvgHgD7FlvCyGAlWgOzRnZD99GZQ=="
		},
		"rc": {
			"version": "1.2.8",
			"resolved": "https://registry.npmjs.org/rc/-/rc-1.2.8.tgz",
			"integrity": "sha512-y3bGgqKj3QBdxLbLkomlohkvsA8gdAiUQlSBJnBhfn+BPxg4bc62d8TcBW15wavDfgexCgccckhcZvywyQYPOw==",
			"requires": {
				"deep-extend": "^0.6.0",
				"ini": "~1.3.0",
				"minimist": "^1.2.0",
				"strip-json-comments": "~2.0.1"
			}
		},
		"readable-stream": {
			"version": "2.3.6",
			"resolved": "https://registry.npmjs.org/readable-stream/-/readable-stream-2.3.6.tgz",
			"integrity": "sha512-tQtKA9WIAhBF3+VLAseyMqZeBjW0AHJoxOtYqSUZNJxauErmLbVm2FW1y+J/YA9dUrAC39ITejlZWhVIwawkKw==",
			"requires": {
				"core-util-is": "~1.0.0",
				"inherits": "~2.0.3",
				"isarray": "~1.0.0",
				"process-nextick-args": "~2.0.0",
				"safe-buffer": "~5.1.1",
				"string_decoder": "~1.1.1",
				"util-deprecate": "~1.0.1"
			}
		},
		"regenerator-runtime": {
			"version": "0.13.3",
			"resolved": "https://registry.npmjs.org/regenerator-runtime/-/regenerator-runtime-0.13.3.tgz",
			"integrity": "sha512-naKIZz2GQ8JWh///G7L3X6LaQUAMp2lvb1rvwwsURe/VXwD6VMfr+/1NuNw3ag8v2kY1aQ/go5SNn79O9JU7yw=="
		},
		"rxjs": {
			"version": "6.5.3",
			"resolved": "https://registry.npmjs.org/rxjs/-/rxjs-6.5.3.tgz",
			"integrity": "sha512-wuYsAYYFdWTAnAaPoKGNhfpWwKZbJW+HgAJ+mImp+Epl7BG8oNWBCTyRM8gba9k4lk8BgWdoYm21Mo/RYhhbgA==",
			"requires": {
				"tslib": "^1.9.0"
			}
		},
		"safe-buffer": {
			"version": "5.1.2",
			"resolved": "https://registry.npmjs.org/safe-buffer/-/safe-buffer-5.1.2.tgz",
			"integrity": "sha512-Gd2UZBJDkXlY7GbJxfsE8/nvKkUEU1G38c1siN6QP6a9PT9MmHB8GnpscSmMJSoF8LOIrt8ud/wPtojys4G6+g=="
		},
		"semaphore-async-await": {
			"version": "1.5.1",
			"resolved": "https://registry.npmjs.org/semaphore-async-await/-/semaphore-async-await-1.5.1.tgz",
			"integrity": "sha1-hXvvXjZEYBykuVcLh+nfXKEpdPo="
		},
		"semver": {
			"version": "5.7.1",
			"resolved": "https://registry.npmjs.org/semver/-/semver-5.7.1.tgz",
			"integrity": "sha512-sauaDf/PZdVgrLTNYHRtpXa1iRiKcaebiKQ1BJdpQlWH2lCvexQdX55snPFyK7QzpudqbCI0qXFfOasHdyNDGQ=="
		},
		"set-blocking": {
			"version": "2.0.0",
			"resolved": "https://registry.npmjs.org/set-blocking/-/set-blocking-2.0.0.tgz",
			"integrity": "sha1-BF+XgtARrppoA93TgrJDkrPYkPc="
		},
		"signal-exit": {
			"version": "3.0.2",
			"resolved": "https://registry.npmjs.org/signal-exit/-/signal-exit-3.0.2.tgz",
			"integrity": "sha1-tf3AjxKH6hF4Yo5BXiUTK3NkbG0="
		},
		"simple-concat": {
			"version": "1.0.0",
			"resolved": "https://registry.npmjs.org/simple-concat/-/simple-concat-1.0.0.tgz",
			"integrity": "sha1-c0TLuLbib7J9ZrL8hvn21Zl1IcY="
		},
		"simple-get": {
			"version": "3.1.0",
			"resolved": "https://registry.npmjs.org/simple-get/-/simple-get-3.1.0.tgz",
			"integrity": "sha512-bCR6cP+aTdScaQCnQKbPKtJOKDp/hj9EDLJo3Nw4y1QksqaovlW/bnptB6/c1e+qmNIDHRK+oXFDdEqBT8WzUA==",
			"requires": {
				"decompress-response": "^4.2.0",
				"once": "^1.3.1",
				"simple-concat": "^1.0.0"
			}
		},
		"source-map": {
			"version": "0.6.1",
			"resolved": "https://registry.npmjs.org/source-map/-/source-map-0.6.1.tgz",
			"integrity": "sha512-UjgapumWlbMhkBgzT7Ykc5YXUT46F0iKu8SGXq0bcwP5dz/h0Plj6enJqjz1Zbq2l5WaqYnrVbwWOWMyF3F47g=="
		},
		"source-map-support": {
			"version": "0.5.16",
			"resolved": "https://registry.npmjs.org/source-map-support/-/source-map-support-0.5.16.tgz",
			"integrity": "sha512-efyLRJDr68D9hBBNIPWFjhpFzURh+KJykQwvMyW5UiZzYwoF6l4YMMDIJJEyFWxWCqfyxLzz6tSfUFR+kXXsVQ==",
			"requires": {
				"buffer-from": "^1.0.0",
				"source-map": "^0.6.0"
			}
		},
		"string-width": {
			"version": "1.0.2",
			"resolved": "https://registry.npmjs.org/string-width/-/string-width-1.0.2.tgz",
			"integrity": "sha1-EYvfW4zcUaKn5w0hHgfisLmxB9M=",
			"requires": {
				"code-point-at": "^1.0.0",
				"is-fullwidth-code-point": "^1.0.0",
				"strip-ansi": "^3.0.0"
			}
		},
		"string_decoder": {
			"version": "1.1.1",
			"resolved": "https://registry.npmjs.org/string_decoder/-/string_decoder-1.1.1.tgz",
			"integrity": "sha512-n/ShnvDi6FHbbVfviro+WojiFzv+s8MPMHBczVePfUpDJLwoLT0ht1l4YwBCbi8pJAveEEdnkHyPyTP/mzRfwg==",
			"requires": {
				"safe-buffer": "~5.1.0"
			}
		},
		"strip-ansi": {
			"version": "3.0.1",
			"resolved": "https://registry.npmjs.org/strip-ansi/-/strip-ansi-3.0.1.tgz",
			"integrity": "sha1-ajhfuIU9lS1f8F0Oiq+UJ43GPc8=",
			"requires": {
				"ansi-regex": "^2.0.0"
			}
		},
		"strip-json-comments": {
			"version": "2.0.1",
			"resolved": "https://registry.npmjs.org/strip-json-comments/-/strip-json-comments-2.0.1.tgz",
			"integrity": "sha1-PFMZQukIwml8DsNEhYwobHygpgo="
		},
		"tar-fs": {
			"version": "2.0.0",
			"resolved": "https://registry.npmjs.org/tar-fs/-/tar-fs-2.0.0.tgz",
			"integrity": "sha512-vaY0obB6Om/fso8a8vakQBzwholQ7v5+uy+tF3Ozvxv1KNezmVQAiWtcNmMHFSFPqL3dJA8ha6gdtFbfX9mcxA==",
			"requires": {
				"chownr": "^1.1.1",
				"mkdirp": "^0.5.1",
				"pump": "^3.0.0",
				"tar-stream": "^2.0.0"
			}
		},
		"tar-stream": {
			"version": "2.1.0",
			"resolved": "https://registry.npmjs.org/tar-stream/-/tar-stream-2.1.0.tgz",
			"integrity": "sha512-+DAn4Nb4+gz6WZigRzKEZl1QuJVOLtAwwF+WUxy1fJ6X63CaGaUAxJRD2KEn1OMfcbCjySTYpNC6WmfQoIEOdw==",
			"requires": {
				"bl": "^3.0.0",
				"end-of-stream": "^1.4.1",
				"fs-constants": "^1.0.0",
				"inherits": "^2.0.3",
				"readable-stream": "^3.1.1"
			},
			"dependencies": {
				"readable-stream": {
					"version": "3.4.0",
					"resolved": "https://registry.npmjs.org/readable-stream/-/readable-stream-3.4.0.tgz",
					"integrity": "sha512-jItXPLmrSR8jmTRmRWJXCnGJsfy85mB3Wd/uINMXA65yrnFo0cPClFIUWzo2najVNSl+mx7/4W8ttlLWJe99pQ==",
					"requires": {
						"inherits": "^2.0.3",
						"string_decoder": "^1.1.1",
						"util-deprecate": "^1.0.1"
					}
				}
			}
		},
		"ts-node": {
			"version": "8.6.2",
			"resolved": "https://registry.npmjs.org/ts-node/-/ts-node-8.6.2.tgz",
			"integrity": "sha512-4mZEbofxGqLL2RImpe3zMJukvEvcO1XP8bj8ozBPySdCUXEcU5cIRwR0aM3R+VoZq7iXc8N86NC0FspGRqP4gg==",
			"requires": {
				"arg": "^4.1.0",
				"diff": "^4.0.1",
				"make-error": "^1.1.1",
				"source-map-support": "^0.5.6",
				"yn": "3.1.1"
			}
		},
		"tslib": {
			"version": "1.10.0",
			"resolved": "https://registry.npmjs.org/tslib/-/tslib-1.10.0.tgz",
			"integrity": "sha512-qOebF53frne81cf0S9B41ByenJ3/IuH8yJKngAX35CmiZySA0khhkovshKK+jGCaMnVomla7gVlIcc3EvKPbTQ=="
		},
		"tunnel-agent": {
			"version": "0.6.0",
			"resolved": "https://registry.npmjs.org/tunnel-agent/-/tunnel-agent-0.6.0.tgz",
			"integrity": "sha1-J6XeoGs2sEoKmWZ3SykIaPD8QP0=",
			"requires": {
				"safe-buffer": "^5.0.1"
			}
		},
		"typescript": {
			"version": "3.8.3",
			"resolved": "https://registry.npmjs.org/typescript/-/typescript-3.8.3.tgz",
			"integrity": "sha512-MYlEfn5VrLNsgudQTVJeNaQFUAI7DkhnOjdpAp4T+ku1TfQClewlbSuTVHiA+8skNBgaf02TL/kLOvig4y3G8w=="
		},
		"usb": {
			"version": "1.6.1",
			"resolved": "https://registry.npmjs.org/usb/-/usb-1.6.1.tgz",
			"integrity": "sha512-iZRGRsdbCvhBpeufY+cpy7LS9OMrh1hobvHaxa6/HNr1mgqrfeNpfbzoRCBofkG9MpLsujKieBFzqdPWcMugYQ==",
			"requires": {
				"bindings": "^1.4.0",
				"nan": "2.13.2",
				"prebuild-install": "^5.3.3"
			},
			"dependencies": {
				"nan": {
					"version": "2.13.2",
					"resolved": "https://registry.npmjs.org/nan/-/nan-2.13.2.tgz",
					"integrity": "sha512-TghvYc72wlMGMVMluVo9WRJc0mB8KxxF/gZ4YYFy7V2ZQX9l7rgbPg7vjS9mt6U5HXODVFVI2bOduCzwOMv/lw=="
				}
			}
		},
		"util-deprecate": {
			"version": "1.0.2",
			"resolved": "https://registry.npmjs.org/util-deprecate/-/util-deprecate-1.0.2.tgz",
			"integrity": "sha1-RQ1Nyfpw3nMnYvvS1KKJgUGaDM8="
		},
		"webcrypto-core": {
			"version": "1.0.17",
			"resolved": "https://registry.npmjs.org/webcrypto-core/-/webcrypto-core-1.0.17.tgz",
			"integrity": "sha512-7jxTLgtM+TahBPErx/Dd2XvxFDfWJrHxjVeTSvIa4LSgiYrmCPlC2INiAMAfb8MbtHiwJKKqF5sPS0AWNjBbXw==",
			"requires": {
				"pvtsutils": "^1.0.9",
				"tslib": "^1.10.0"
			}
		},
		"which-pm-runs": {
			"version": "1.0.0",
			"resolved": "https://registry.npmjs.org/which-pm-runs/-/which-pm-runs-1.0.0.tgz",
			"integrity": "sha1-Zws6+8VS4LVd9rd4DKdGFfI60cs="
		},
		"wide-align": {
			"version": "1.1.3",
			"resolved": "https://registry.npmjs.org/wide-align/-/wide-align-1.1.3.tgz",
			"integrity": "sha512-QGkOQc8XL6Bt5PwnsExKBPuMKBxnGxWWW3fU55Xt4feHozMUhdUMaBCk290qpm/wG5u/RSKzwdAC4i51YigihA==",
			"requires": {
				"string-width": "^1.0.2 || 2"
			}
		},
		"wrappy": {
			"version": "1.0.2",
			"resolved": "https://registry.npmjs.org/wrappy/-/wrappy-1.0.2.tgz",
			"integrity": "sha1-tSQ9jz7BqjXxNkYFvA0QNuMKtp8="
		},
		"yn": {
			"version": "3.1.1",
			"resolved": "https://registry.npmjs.org/yn/-/yn-3.1.1.tgz",
			"integrity": "sha512-Ux4ygGWsu2c7isFWe8Yu1YluJmqVhxqK2cLXNQA5AcC3QfbGNpM7fu0Y8b/z16pXLnFxZYvWhd3fhBY9DLmC6Q=="
		}
	}
}
