{
	"requires": true,
	"lockfileVersion": 1,
	"dependencies": {
		"@types/firefox-webext-browser": {
			"version": "67.0.1",
			"resolved": "https://registry.npmjs.org/@types/firefox-webext-browser/-/firefox-webext-browser-67.0.1.tgz",
			"integrity": "sha512-+RE7MDu8EQ5EcQe7i0378oCvu1Sf9fEtRdPakYfdcEr79v7wTpO/meQXv9JLqvy7FwM2/9D8cwV7GyclXgRtxA==",
			"dev": true
		},
		"@zoltu/file-copier": {
			"version": "1.0.0",
			"resolved": "https://registry.npmjs.org/@zoltu/file-copier/-/file-copier-1.0.0.tgz",
			"integrity": "sha512-zhgtE4Ji9nkEjPBIR6HE0Xzo7TUc9Bjvs8qRnKn4hN5dxGwkqCFAPl7ud5AWY7A66OWyoyWS3zV5iPM1mk+RQg==",
			"dev": true
		},
		"recursive-fs": {
			"version": "1.1.2",
			"resolved": "https://registry.npmjs.org/recursive-fs/-/recursive-fs-1.1.2.tgz",
			"integrity": "sha512-QPFEt5EwzwlHoqYsZc+NkUSyDTQf1Hvq7c/kpQJHi77OSCAiDXI3wfB0J04ZG+ekGHmv37mdR8MDPEshD3/RlQ==",
			"dev": true
		},
		"typescript": {
			"version": "3.4.5",
			"resolved": "https://registry.npmjs.org/typescript/-/typescript-3.4.5.tgz",
			"integrity": "sha512-YycBxUb49UUhdNMU5aJ7z5Ej2XGmaIBL0x34vZ82fn3hGvD+bgrMrVDpatgz2f7YxUMJxMkbWxJZeAvDxVe7Vw==",
			"dev": true
		}
	}
}
